// !$*UTF8*$!
{
	archiveVersion = 1;
	classes = {
	};
	objectVersion = 50;
	objects = {

/* Begin PBXBuildFile section */
		B721ECBD220487E900C799BC /* AppDelegate.swift in Sources */ = {isa = PBXBuildFile; fileRef = B721ECBC220487E900C799BC /* AppDelegate.swift */; };
		B721ECBF220487E900C799BC /* ViewController.swift in Sources */ = {isa = PBXBuildFile; fileRef = B721ECBE220487E900C799BC /* ViewController.swift */; };
		B721ECC2220487E900C799BC /* Main.storyboard in Resources */ = {isa = PBXBuildFile; fileRef = B721ECC0220487E900C799BC /* Main.storyboard */; };
		B721ECC4220487EA00C799BC /* Assets.xcassets in Resources */ = {isa = PBXBuildFile; fileRef = B721ECC3220487EA00C799BC /* Assets.xcassets */; };
		B721ECC7220487EA00C799BC /* LaunchScreen.storyboard in Resources */ = {isa = PBXBuildFile; fileRef = B721ECC5220487EA00C799BC /* LaunchScreen.storyboard */; };
/* End PBXBuildFile section */

/* Begin PBXContainerItemProxy section */
		B721ECCE220487EA00C799BC /* PBXContainerItemProxy */ = {
			isa = PBXContainerItemProxy;
			containerPortal = B721ECB1220487E900C799BC /* Project object */;
			proxyType = 1;
			remoteGlobalIDString = B721ECB8220487E900C799BC;
			remoteInfo = 07;
		};
		B721ECD9220487EA00C799BC /* PBXContainerItemProxy */ = {
			isa = PBXContainerItemProxy;
			containerPortal = B721ECB1220487E900C799BC /* Project object */;
			proxyType = 1;
			remoteGlobalIDString = B721ECB8220487E900C799BC;
			remoteInfo = 07;
		};
/* End PBXContainerItemProxy section */

/* Begin PBXFileReference section */
		B721ECB9220487E900C799BC /* 07.app */ = {isa = PBXFileReference; explicitFileType = wrapper.application; includeInIndex = 0; path = 07.app; sourceTree = BUILT_PRODUCTS_DIR; };
		B721ECBC220487E900C799BC /* AppDelegate.swift */ = {isa = PBXFileReference; lastKnownFileType = sourcecode.swift; path = AppDelegate.swift; sourceTree = "<group>"; };
		B721ECBE220487E900C799BC /* ViewController.swift */ = {isa = PBXFileReference; lastKnownFileType = sourcecode.swift; path = ViewController.swift; sourceTree = "<group>"; };
		B721ECC1220487E900C799BC /* Base */ = {isa = PBXFileReference; lastKnownFileType = file.storyboard; name = Base; path = Base.lproj/Main.storyboard; sourceTree = "<group>"; };
		B721ECC3220487EA00C799BC /* Assets.xcassets */ = {isa = PBXFileReference; lastKnownFileType = folder.assetcatalog; path = Assets.xcassets; sourceTree = "<group>"; };
		B721ECC6220487EA00C799BC /* Base */ = {isa = PBXFileReference; lastKnownFileType = file.storyboard; name = Base; path = Base.lproj/LaunchScreen.storyboard; sourceTree = "<group>"; };
		B721ECC8220487EA00C799BC /* Info.plist */ = {isa = PBXFileReference; lastKnownFileType = text.plist.xml; path = Info.plist; sourceTree = "<group>"; };
		B721ECCD220487EA00C799BC /* 07Tests.xctest */ = {isa = PBXFileReference; explicitFileType = wrapper.cfbundle; includeInIndex = 0; path = 07Tests.xctest; sourceTree = BUILT_PRODUCTS_DIR; };
		B721ECD8220487EA00C799BC /* 07UITests.xctest */ = {isa = PBXFileReference; explicitFileType = wrapper.cfbundle; includeInIndex = 0; path = 07UITests.xctest; sourceTree = BUILT_PRODUCTS_DIR; };
/* End PBXFileReference section */

/* Begin PBXFrameworksBuildPhase section */
		B721ECB6220487E900C799BC /* Frameworks */ = {
			isa = PBXFrameworksBuildPhase;
			buildActionMask = 2147483647;
			files = (
			);
			runOnlyForDeploymentPostprocessing = 0;
		};
		B721ECCA220487EA00C799BC /* Frameworks */ = {
			isa = PBXFrameworksBuildPhase;
			buildActionMask = 2147483647;
			files = (
			);
			runOnlyForDeploymentPostprocessing = 0;
		};
		B721ECD5220487EA00C799BC /* Frameworks */ = {
			isa = PBXFrameworksBuildPhase;
			buildActionMask = 2147483647;
			files = (
			);
			runOnlyForDeploymentPostprocessing = 0;
		};
/* End PBXFrameworksBuildPhase section */

/* Begin PBXGroup section */
		B721ECB0220487E900C799BC = {
			isa = PBXGroup;
			children = (
				B721ECBB220487E900C799BC /* 07 */,
				B721ECBA220487E900C799BC /* Products */,
			);
			sourceTree = "<group>";
		};
		B721ECBA220487E900C799BC /* Products */ = {
			isa = PBXGroup;
			children = (
				B721ECB9220487E900C799BC /* 07.app */,
				B721ECCD220487EA00C799BC /* 07Tests.xctest */,
				B721ECD8220487EA00C799BC /* 07UITests.xctest */,
			);
			name = Products;
			sourceTree = "<group>";
		};
		B721ECBB220487E900C799BC /* 07 */ = {
			isa = PBXGroup;
			children = (
				B721ECBC220487E900C799BC /* AppDelegate.swift */,
				B721ECBE220487E900C799BC /* ViewController.swift */,
				B721ECC0220487E900C799BC /* Main.storyboard */,
				B721ECC3220487EA00C799BC /* Assets.xcassets */,
				B721ECC5220487EA00C799BC /* LaunchScreen.storyboard */,
				B721ECC8220487EA00C799BC /* Info.plist */,
			);
			path = 07;
			sourceTree = "<group>";
		};
/* End PBXGroup section */

/* Begin PBXNativeTarget section */
		B721ECB8220487E900C799BC /* 07 */ = {
			isa = PBXNativeTarget;
			buildConfigurationList = B721ECE1220487EA00C799BC /* Build configuration list for PBXNativeTarget "07" */;
			buildPhases = (
				B721ECB5220487E900C799BC /* Sources */,
				B721ECB6220487E900C799BC /* Frameworks */,
				B721ECB7220487E900C799BC /* Resources */,
			);
			buildRules = (
			);
			dependencies = (
			);
			name = 07;
			productName = 07;
			productReference = B721ECB9220487E900C799BC /* 07.app */;
			productType = "com.apple.product-type.application";
		};
		B721ECCC220487EA00C799BC /* 07Tests */ = {
			isa = PBXNativeTarget;
			buildConfigurationList = B721ECE4220487EA00C799BC /* Build configuration list for PBXNativeTarget "07Tests" */;
			buildPhases = (
				B721ECC9220487EA00C799BC /* Sources */,
				B721ECCA220487EA00C799BC /* Frameworks */,
				B721ECCB220487EA00C799BC /* Resources */,
			);
			buildRules = (
			);
			dependencies = (
				B721ECCF220487EA00C799BC /* PBXTargetDependency */,
			);
			name = 07Tests;
			productName = 07Tests;
			productReference = B721ECCD220487EA00C799BC /* 07Tests.xctest */;
			productType = "com.apple.product-type.bundle.unit-test";
		};
		B721ECD7220487EA00C799BC /* 07UITests */ = {
			isa = PBXNativeTarget;
			buildConfigurationList = B721ECE7220487EA00C799BC /* Build configuration list for PBXNativeTarget "07UITests" */;
			buildPhases = (
				B721ECD4220487EA00C799BC /* Sources */,
				B721ECD5220487EA00C799BC /* Frameworks */,
				B721ECD6220487EA00C799BC /* Resources */,
			);
			buildRules = (
			);
			dependencies = (
				B721ECDA220487EA00C799BC /* PBXTargetDependency */,
			);
			name = 07UITests;
			productName = 07UITests;
			productReference = B721ECD8220487EA00C799BC /* 07UITests.xctest */;
			productType = "com.apple.product-type.bundle.ui-testing";
		};
/* End PBXNativeTarget section */

/* Begin PBXProject section */
		B721ECB1220487E900C799BC /* Project object */ = {
			isa = PBXProject;
			attributes = {
				LastSwiftUpdateCheck = 1010;
				LastUpgradeCheck = 1010;
				ORGANIZATIONNAME = tomoki;
				TargetAttributes = {
					B721ECB8220487E900C799BC = {
						CreatedOnToolsVersion = 10.1;
					};
					B721ECCC220487EA00C799BC = {
						CreatedOnToolsVersion = 10.1;
						TestTargetID = B721ECB8220487E900C799BC;
					};
					B721ECD7220487EA00C799BC = {
						CreatedOnToolsVersion = 10.1;
						TestTargetID = B721ECB8220487E900C799BC;
					};
				};
			};
			buildConfigurationList = B721ECB4220487E900C799BC /* Build configuration list for PBXProject "07" */;
			compatibilityVersion = "Xcode 9.3";
			developmentRegion = en;
			hasScannedForEncodings = 0;
			knownRegions = (
				en,
				Base,
			);
			mainGroup = B721ECB0220487E900C799BC;
			productRefGroup = B721ECBA220487E900C799BC /* Products */;
			projectDirPath = "";
			projectRoot = "";
			targets = (
				B721ECB8220487E900C799BC /* 07 */,
				B721ECCC220487EA00C799BC /* 07Tests */,
				B721ECD7220487EA00C799BC /* 07UITests */,
			);
		};
/* End PBXProject section */

/* Begin PBXResourcesBuildPhase section */
		B721ECB7220487E900C799BC /* Resources */ = {
			isa = PBXResourcesBuildPhase;
			buildActionMask = 2147483647;
			files = (
				B721ECC7220487EA00C799BC /* LaunchScreen.storyboard in Resources */,
				B721ECC4220487EA00C799BC /* Assets.xcassets in Resources */,
				B721ECC2220487E900C799BC /* Main.storyboard in Resources */,
			);
			runOnlyForDeploymentPostprocessing = 0;
		};
		B721ECCB220487EA00C799BC /* Resources */ = {
			isa = PBXResourcesBuildPhase;
			buildActionMask = 2147483647;
			files = (
			);
			runOnlyForDeploymentPostprocessing = 0;
		};
		B721ECD6220487EA00C799BC /* Resources */ = {
			isa = PBXResourcesBuildPhase;
			buildActionMask = 2147483647;
			files = (
			);
			runOnlyForDeploymentPostprocessing = 0;
		};
/* End PBXResourcesBuildPhase section */

/* Begin PBXSourcesBuildPhase section */
		B721ECB5220487E900C799BC /* Sources */ = {
			isa = PBXSourcesBuildPhase;
			buildActionMask = 2147483647;
			files = (
				B721ECBF220487E900C799BC /* ViewController.swift in Sources */,
				B721ECBD220487E900C799BC /* AppDelegate.swift in Sources */,
			);
			runOnlyForDeploymentPostprocessing = 0;
		};
		B721ECC9220487EA00C799BC /* Sources */ = {
			isa = PBXSourcesBuildPhase;
			buildActionMask = 2147483647;
			files = (
			);
			runOnlyForDeploymentPostprocessing = 0;
		};
		B721ECD4220487EA00C799BC /* Sources */ = {
			isa = PBXSourcesBuildPhase;
			buildActionMask = 2147483647;
			files = (
			);
			runOnlyForDeploymentPostprocessing = 0;
		};
/* End PBXSourcesBuildPhase section */

/* Begin PBXTargetDependency section */
		B721ECCF220487EA00C799BC /* PBXTargetDependency */ = {
			isa = PBXTargetDependency;
			target = B721ECB8220487E900C799BC /* 07 */;
			targetProxy = B721ECCE220487EA00C799BC /* PBXContainerItemProxy */;
		};
		B721ECDA220487EA00C799BC /* PBXTargetDependency */ = {
			isa = PBXTargetDependency;
			target = B721ECB8220487E900C799BC /* 07 */;
			targetProxy = B721ECD9220487EA00C799BC /* PBXContainerItemProxy */;
		};
/* End PBXTargetDependency section */

/* Begin PBXVariantGroup section */
		B721ECC0220487E900C799BC /* Main.storyboard */ = {
			isa = PBXVariantGroup;
			children = (
				B721ECC1220487E900C799BC /* Base */,
			);
			name = Main.storyboard;
			sourceTree = "<group>";
		};
		B721ECC5220487EA00C799BC /* LaunchScreen.storyboard */ = {
			isa = PBXVariantGroup;
			children = (
				B721ECC6220487EA00C799BC /* Base */,
			);
			name = LaunchScreen.storyboard;
			sourceTree = "<group>";
		};
/* End PBXVariantGroup section */

/* Begin XCBuildConfiguration section */
		B721ECDF220487EA00C799BC /* Debug */ = {
			isa = XCBuildConfiguration;
			buildSettings = {
				ALWAYS_SEARCH_USER_PATHS = NO;
				CLANG_ANALYZER_NONNULL = YES;
				CLANG_ANALYZER_NUMBER_OBJECT_CONVERSION = YES_AGGRESSIVE;
				CLANG_CXX_LANGUAGE_STANDARD = "gnu++14";
				CLANG_CXX_LIBRARY = "libc++";
				CLANG_ENABLE_MODULES = YES;
				CLANG_ENABLE_OBJC_ARC = YES;
				CLANG_ENABLE_OBJC_WEAK = YES;
				CLANG_WARN_BLOCK_CAPTURE_AUTORELEASING = YES;
				CLANG_WARN_BOOL_CONVERSION = YES;
				CLANG_WARN_COMMA = YES;
				CLANG_WARN_CONSTANT_CONVERSION = YES;
				CLANG_WARN_DEPRECATED_OBJC_IMPLEMENTATIONS = YES;
				CLANG_WARN_DIRECT_OBJC_ISA_USAGE = YES_ERROR;
				CLANG_WARN_DOCUMENTATION_COMMENTS = YES;
				CLANG_WARN_EMPTY_BODY = YES;
				CLANG_WARN_ENUM_CONVERSION = YES;
				CLANG_WARN_INFINITE_RECURSION = YES;
				CLANG_WARN_INT_CONVERSION = YES;
				CLANG_WARN_NON_LITERAL_NULL_CONVERSION = YES;
				CLANG_WARN_OBJC_IMPLICIT_RETAIN_SELF = YES;
				CLANG_WARN_OBJC_LITERAL_CONVERSION = YES;
				CLANG_WARN_OBJC_ROOT_CLASS = YES_ERROR;
				CLANG_WARN_RANGE_LOOP_ANALYSIS = YES;
				CLANG_WARN_STRICT_PROTOTYPES = YES;
				CLANG_WARN_SUSPICIOUS_MOVE = YES;
				CLANG_WARN_UNGUARDED_AVAILABILITY = YES_AGGRESSIVE;
				CLANG_WARN_UNREACHABLE_CODE = YES;
				CLANG_WARN__DUPLICATE_METHOD_MATCH = YES;
				CODE_SIGN_IDENTITY = "iPhone Developer";
				COPY_PHASE_STRIP = NO;
				DEBUG_INFORMATION_FORMAT = dwarf;
				ENABLE_STRICT_OBJC_MSGSEND = YES;
				ENABLE_TESTABILITY = YES;
				GCC_C_LANGUAGE_STANDARD = gnu11;
				GCC_DYNAMIC_NO_PIC = NO;
				GCC_NO_COMMON_BLOCKS = YES;
				GCC_OPTIMIZATION_LEVEL = 0;
				GCC_PREPROCESSOR_DEFINITIONS = (
					"DEBUG=1",
					"$(inherited)",
				);
				GCC_WARN_64_TO_32_BIT_CONVERSION = YES;
				GCC_WARN_ABOUT_RETURN_TYPE = YES_ERROR;
				GCC_WARN_UNDECLARED_SELECTOR = YES;
				GCC_WARN_UNINITIALIZED_AUTOS = YES_AGGRESSIVE;
				GCC_WARN_UNUSED_FUNCTION = YES;
				GCC_WARN_UNUSED_VARIABLE = YES;
				IPHONEOS_DEPLOYMENT_TARGET = 12.1;
				MTL_ENABLE_DEBUG_INFO = INCLUDE_SOURCE;
				MTL_FAST_MATH = YES;
				ONLY_ACTIVE_ARCH = YES;
				SDKROOT = iphoneos;
				SWIFT_ACTIVE_COMPILATION_CONDITIONS = DEBUG;
				SWIFT_OPTIMIZATION_LEVEL = "-Onone";
			};
			name = Debug;
		};
		B721ECE0220487EA00C799BC /* Release */ = {
			isa = XCBuildConfiguration;
			buildSettings = {
				ALWAYS_SEARCH_USER_PATHS = NO;
				CLANG_ANALYZER_NONNULL = YES;
				CLANG_ANALYZER_NUMBER_OBJECT_CONVERSION = YES_AGGRESSIVE;
				CLANG_CXX_LANGUAGE_STANDARD = "gnu++14";
				CLANG_CXX_LIBRARY = "libc++";
				CLANG_ENABLE_MODULES = YES;
				CLANG_ENABLE_OBJC_ARC = YES;
				CLANG_ENABLE_OBJC_WEAK = YES;
				CLANG_WARN_BLOCK_CAPTURE_AUTORELEASING = YES;
				CLANG_WARN_BOOL_CONVERSION = YES;
				CLANG_WARN_COMMA = YES;
				CLANG_WARN_CONSTANT_CONVERSION = YES;
				CLANG_WARN_DEPRECATED_OBJC_IMPLEMENTATIONS = YES;
				CLANG_WARN_DIRECT_OBJC_ISA_USAGE = YES_ERROR;
				CLANG_WARN_DOCUMENTATION_COMMENTS = YES;
				CLANG_WARN_EMPTY_BODY = YES;
				CLANG_WARN_ENUM_CONVERSION = YES;
				CLANG_WARN_INFINITE_RECURSION = YES;
				CLANG_WARN_INT_CONVERSION = YES;
				CLANG_WARN_NON_LITERAL_NULL_CONVERSION = YES;
				CLANG_WARN_OBJC_IMPLICIT_RETAIN_SELF = YES;
				CLANG_WARN_OBJC_LITERAL_CONVERSION = YES;
				CLANG_WARN_OBJC_ROOT_CLASS = YES_ERROR;
				CLANG_WARN_RANGE_LOOP_ANALYSIS = YES;
				CLANG_WARN_STRICT_PROTOTYPES = YES;
				CLANG_WARN_SUSPICIOUS_MOVE = YES;
				CLANG_WARN_UNGUARDED_AVAILABILITY = YES_AGGRESSIVE;
				CLANG_WARN_UNREACHABLE_CODE = YES;
				CLANG_WARN__DUPLICATE_METHOD_MATCH = YES;
				CODE_SIGN_IDENTITY = "iPhone Developer";
				COPY_PHASE_STRIP = NO;
				DEBUG_INFORMATION_FORMAT = "dwarf-with-dsym";
				ENABLE_NS_ASSERTIONS = NO;
				ENABLE_STRICT_OBJC_MSGSEND = YES;
				GCC_C_LANGUAGE_STANDARD = gnu11;
				GCC_NO_COMMON_BLOCKS = YES;
				GCC_WARN_64_TO_32_BIT_CONVERSION = YES;
				GCC_WARN_ABOUT_RETURN_TYPE = YES_ERROR;
				GCC_WARN_UNDECLARED_SELECTOR = YES;
				GCC_WARN_UNINITIALIZED_AUTOS = YES_AGGRESSIVE;
				GCC_WARN_UNUSED_FUNCTION = YES;
				GCC_WARN_UNUSED_VARIABLE = YES;
				IPHONEOS_DEPLOYMENT_TARGET = 12.1;
				MTL_ENABLE_DEBUG_INFO = NO;
				MTL_FAST_MATH = YES;
				SDKROOT = iphoneos;
				SWIFT_COMPILATION_MODE = wholemodule;
				SWIFT_OPTIMIZATION_LEVEL = "-O";
				VALIDATE_PRODUCT = YES;
			};
			name = Release;
		};
		B721ECE2220487EA00C799BC /* Debug */ = {
			isa = XCBuildConfiguration;
			buildSettings = {
				ASSETCATALOG_COMPILER_APPICON_NAME = AppIcon;
				CODE_SIGN_STYLE = Automatic;
				INFOPLIST_FILE = 07/Info.plist;
				LD_RUNPATH_SEARCH_PATHS = (
					"$(inherited)",
					"@executable_path/Frameworks",
				);
				PRODUCT_BUNDLE_IDENTIFIER = "com.tomoki.-7";
				PRODUCT_NAME = "$(TARGET_NAME)";
				SWIFT_VERSION = 4.2;
				TARGETED_DEVICE_FAMILY = "1,2";
			};
			name = Debug;
		};
		B721ECE3220487EA00C799BC /* Release */ = {
			isa = XCBuildConfiguration;
			buildSettings = {
				ASSETCATALOG_COMPILER_APPICON_NAME = AppIcon;
				CODE_SIGN_STYLE = Automatic;
				INFOPLIST_FILE = 07/Info.plist;
				LD_RUNPATH_SEARCH_PATHS = (
					"$(inherited)",
					"@executable_path/Frameworks",
				);
				PRODUCT_BUNDLE_IDENTIFIER = "com.tomoki.-7";
				PRODUCT_NAME = "$(TARGET_NAME)";
				SWIFT_VERSION = 4.2;
				TARGETED_DEVICE_FAMILY = "1,2";
			};
			name = Release;
		};
		B721ECE5220487EA00C799BC /* Debug */ = {
			isa = XCBuildConfiguration;
			buildSettings = {
				ALWAYS_EMBED_SWIFT_STANDARD_LIBRARIES = YES;
				BUNDLE_LOADER = "$(TEST_HOST)";
				CODE_SIGN_STYLE = Automatic;
				INFOPLIST_FILE = 07Tests/Info.plist;
				LD_RUNPATH_SEARCH_PATHS = (
					"$(inherited)",
					"@executable_path/Frameworks",
					"@loader_path/Frameworks",
				);
				PRODUCT_BUNDLE_IDENTIFIER = "com.tomoki.-7Tests";
				PRODUCT_NAME = "$(TARGET_NAME)";
				SWIFT_VERSION = 4.2;
				TARGETED_DEVICE_FAMILY = "1,2";
				TEST_HOST = "$(BUILT_PRODUCTS_DIR)/07.app/07";
			};
			name = Debug;
		};
		B721ECE6220487EA00C799BC /* Release */ = {
			isa = XCBuildConfiguration;
			buildSettings = {
				ALWAYS_EMBED_SWIFT_STANDARD_LIBRARIES = YES;
				BUNDLE_LOADER = "$(TEST_HOST)";
				CODE_SIGN_STYLE = Automatic;
				INFOPLIST_FILE = 07Tests/Info.plist;
				LD_RUNPATH_SEARCH_PATHS = (
					"$(inherited)",
					"@executable_path/Frameworks",
					"@loader_path/Frameworks",
				);
				PRODUCT_BUNDLE_IDENTIFIER = "com.tomoki.-7Tests";
				PRODUCT_NAME = "$(TARGET_NAME)";
				SWIFT_VERSION = 4.2;
				TARGETED_DEVICE_FAMILY = "1,2";
				TEST_HOST = "$(BUILT_PRODUCTS_DIR)/07.app/07";
			};
			name = Release;
		};
		B721ECE8220487EA00C799BC /* Debug */ = {
			isa = XCBuildConfiguration;
			buildSettings = {
				ALWAYS_EMBED_SWIFT_STANDARD_LIBRARIES = YES;
				CODE_SIGN_STYLE = Automatic;
				INFOPLIST_FILE = 07UITests/Info.plist;
				LD_RUNPATH_SEARCH_PATHS = (
					"$(inherited)",
					"@executable_path/Frameworks",
					"@loader_path/Frameworks",
				);
				PRODUCT_BUNDLE_IDENTIFIER = "com.tomoki.-7UITests";
				PRODUCT_NAME = "$(TARGET_NAME)";
				SWIFT_VERSION = 4.2;
				TARGETED_DEVICE_FAMILY = "1,2";
				TEST_TARGET_NAME = 07;
			};
			name = Debug;
		};
		B721ECE9220487EA00C799BC /* Release */ = {
			isa = XCBuildConfiguration;
			buildSettings = {
				ALWAYS_EMBED_SWIFT_STANDARD_LIBRARIES = YES;
				CODE_SIGN_STYLE = Automatic;
				INFOPLIST_FILE = 07UITests/Info.plist;
				LD_RUNPATH_SEARCH_PATHS = (
					"$(inherited)",
					"@executable_path/Frameworks",
					"@loader_path/Frameworks",
				);
				PRODUCT_BUNDLE_IDENTIFIER = "com.tomoki.-7UITests";
				PRODUCT_NAME = "$(TARGET_NAME)";
				SWIFT_VERSION = 4.2;
				TARGETED_DEVICE_FAMILY = "1,2";
				TEST_TARGET_NAME = 07;
			};
			name = Release;
		};
/* End XCBuildConfiguration section */

/* Begin XCConfigurationList section */
		B721ECB4220487E900C799BC /* Build configuration list for PBXProject "07" */ = {
			isa = XCConfigurationList;
			buildConfigurations = (
				B721ECDF220487EA00C799BC /* Debug */,
				B721ECE0220487EA00C799BC /* Release */,
			);
			defaultConfigurationIsVisible = 0;
			defaultConfigurationName = Release;
		};
		B721ECE1220487EA00C799BC /* Build configuration list for PBXNativeTarget "07" */ = {
			isa = XCConfigurationList;
			buildConfigurations = (
				B721ECE2220487EA00C799BC /* Debug */,
				B721ECE3220487EA00C799BC /* Release */,
			);
			defaultConfigurationIsVisible = 0;
			defaultConfigurationName = Release;
		};
		B721ECE4220487EA00C799BC /* Build configuration list for PBXNativeTarget "07Tests" */ = {
			isa = XCConfigurationList;
			buildConfigurations = (
				B721ECE5220487EA00C799BC /* Debug */,
				B721ECE6220487EA00C799BC /* Release */,
			);
			defaultConfigurationIsVisible = 0;
			defaultConfigurationName = Release;
		};
		B721ECE7220487EA00C799BC /* Build configuration list for PBXNativeTarget "07UITests" */ = {
			isa = XCConfigurationList;
			buildConfigurations = (
				B721ECE8220487EA00C799BC /* Debug */,
				B721ECE9220487EA00C799BC /* Release */,
			);
			defaultConfigurationIsVisible = 0;
			defaultConfigurationName = Release;
		};
/* End XCConfigurationList section */
	};
	rootObject = B721ECB1220487E900C799BC /* Project object */;
}
