// !$*UTF8*$!
{
	archiveVersion = 1;
	classes = {
	};
	objectVersion = 50;
	objects = {

/* Begin PBXBuildFile section */
		71D96F15CDEE202143925272 /* Pods_17.framework in Frameworks */ = {isa = PBXBuildFile; fileRef = 1EB10042DC8B028257B4B82C /* Pods_17.framework */; };
		B7EFC61A221187D900EB0658 /* AppDelegate.swift in Sources */ = {isa = PBXBuildFile; fileRef = B7EFC619221187D900EB0658 /* AppDelegate.swift */; };
		B7EFC61C221187D900EB0658 /* ChatViewController.swift in Sources */ = {isa = PBXBuildFile; fileRef = B7EFC61B221187D900EB0658 /* ChatViewController.swift */; };
		B7EFC61F221187D900EB0658 /* Main.storyboard in Resources */ = {isa = PBXBuildFile; fileRef = B7EFC61D221187D900EB0658 /* Main.storyboard */; };
		B7EFC621221187DA00EB0658 /* Assets.xcassets in Resources */ = {isa = PBXBuildFile; fileRef = B7EFC620221187DA00EB0658 /* Assets.xcassets */; };
		B7EFC624221187DA00EB0658 /* LaunchScreen.storyboard in Resources */ = {isa = PBXBuildFile; fileRef = B7EFC622221187DA00EB0658 /* LaunchScreen.storyboard */; };
		B7EFC62C2211887C00EB0658 /* GoogleService-Info.plist in Resources */ = {isa = PBXBuildFile; fileRef = B7EFC62B2211887C00EB0658 /* GoogleService-Info.plist */; };
		B7EFC62E221188C900EB0658 /* Messages.swift in Sources */ = {isa = PBXBuildFile; fileRef = B7EFC62D221188C900EB0658 /* Messages.swift */; };
/* End PBXBuildFile section */

/* Begin PBXFileReference section */
		1EB10042DC8B028257B4B82C /* Pods_17.framework */ = {isa = PBXFileReference; explicitFileType = wrapper.framework; includeInIndex = 0; path = Pods_17.framework; sourceTree = BUILT_PRODUCTS_DIR; };
		A4D658B74BBB8F099662F619 /* Pods-17.release.xcconfig */ = {isa = PBXFileReference; includeInIndex = 1; lastKnownFileType = text.xcconfig; name = "Pods-17.release.xcconfig"; path = "Pods/Target Support Files/Pods-17/Pods-17.release.xcconfig"; sourceTree = "<group>"; };
		AC62270AA1459EB00653761C /* Pods-17.debug.xcconfig */ = {isa = PBXFileReference; includeInIndex = 1; lastKnownFileType = text.xcconfig; name = "Pods-17.debug.xcconfig"; path = "Pods/Target Support Files/Pods-17/Pods-17.debug.xcconfig"; sourceTree = "<group>"; };
		B7EFC616221187D900EB0658 /* 17.app */ = {isa = PBXFileReference; explicitFileType = wrapper.application; includeInIndex = 0; path = 17.app; sourceTree = BUILT_PRODUCTS_DIR; };
		B7EFC619221187D900EB0658 /* AppDelegate.swift */ = {isa = PBXFileReference; lastKnownFileType = sourcecode.swift; path = AppDelegate.swift; sourceTree = "<group>"; };
		B7EFC61B221187D900EB0658 /* ChatViewController.swift */ = {isa = PBXFileReference; lastKnownFileType = sourcecode.swift; path = ChatViewController.swift; sourceTree = "<group>"; };
		B7EFC61E221187D900EB0658 /* Base */ = {isa = PBXFileReference; lastKnownFileType = file.storyboard; name = Base; path = Base.lproj/Main.storyboard; sourceTree = "<group>"; };
		B7EFC620221187DA00EB0658 /* Assets.xcassets */ = {isa = PBXFileReference; lastKnownFileType = folder.assetcatalog; path = Assets.xcassets; sourceTree = "<group>"; };
		B7EFC623221187DA00EB0658 /* Base */ = {isa = PBXFileReference; lastKnownFileType = file.storyboard; name = Base; path = Base.lproj/LaunchScreen.storyboard; sourceTree = "<group>"; };
		B7EFC625221187DA00EB0658 /* Info.plist */ = {isa = PBXFileReference; lastKnownFileType = text.plist.xml; path = Info.plist; sourceTree = "<group>"; };
		B7EFC62B2211887C00EB0658 /* GoogleService-Info.plist */ = {isa = PBXFileReference; fileEncoding = 4; lastKnownFileType = text.plist.xml; path = "GoogleService-Info.plist"; sourceTree = "<group>"; };
		B7EFC62D221188C900EB0658 /* Messages.swift */ = {isa = PBXFileReference; lastKnownFileType = sourcecode.swift; path = Messages.swift; sourceTree = "<group>"; };
/* End PBXFileReference section */

/* Begin PBXFrameworksBuildPhase section */
		B7EFC613221187D900EB0658 /* Frameworks */ = {
			isa = PBXFrameworksBuildPhase;
			buildActionMask = 2147483647;
			files = (
				71D96F15CDEE202143925272 /* Pods_17.framework in Frameworks */,
			);
			runOnlyForDeploymentPostprocessing = 0;
		};
/* End PBXFrameworksBuildPhase section */

/* Begin PBXGroup section */
		93A7CC5EA7C2173E43370090 /* Frameworks */ = {
			isa = PBXGroup;
			children = (
				1EB10042DC8B028257B4B82C /* Pods_17.framework */,
			);
			name = Frameworks;
			sourceTree = "<group>";
		};
		B7EFC60D221187D900EB0658 = {
			isa = PBXGroup;
			children = (
				B7EFC618221187D900EB0658 /* 17 */,
				B7EFC617221187D900EB0658 /* Products */,
				F2F6E661D014880E4B5FC80A /* Pods */,
				93A7CC5EA7C2173E43370090 /* Frameworks */,
			);
			sourceTree = "<group>";
		};
		B7EFC617221187D900EB0658 /* Products */ = {
			isa = PBXGroup;
			children = (
				B7EFC616221187D900EB0658 /* 17.app */,
			);
			name = Products;
			sourceTree = "<group>";
		};
		B7EFC618221187D900EB0658 /* 17 */ = {
			isa = PBXGroup;
			children = (
				B7EFC619221187D900EB0658 /* AppDelegate.swift */,
				B7EFC61B221187D900EB0658 /* ChatViewController.swift */,
				B7EFC62D221188C900EB0658 /* Messages.swift */,
				B7EFC61D221187D900EB0658 /* Main.storyboard */,
				B7EFC620221187DA00EB0658 /* Assets.xcassets */,
				B7EFC622221187DA00EB0658 /* LaunchScreen.storyboard */,
				B7EFC625221187DA00EB0658 /* Info.plist */,
				B7EFC62B2211887C00EB0658 /* GoogleService-Info.plist */,
			);
			path = 17;
			sourceTree = "<group>";
		};
		F2F6E661D014880E4B5FC80A /* Pods */ = {
			isa = PBXGroup;
			children = (
				AC62270AA1459EB00653761C /* Pods-17.debug.xcconfig */,
				A4D658B74BBB8F099662F619 /* Pods-17.release.xcconfig */,
			);
			name = Pods;
			sourceTree = "<group>";
		};
/* End PBXGroup section */

/* Begin PBXNativeTarget section */
		B7EFC615221187D900EB0658 /* 17 */ = {
			isa = PBXNativeTarget;
			buildConfigurationList = B7EFC628221187DA00EB0658 /* Build configuration list for PBXNativeTarget "17" */;
			buildPhases = (
				95ECA6301D5D3F0604743D0D /* [CP] Check Pods Manifest.lock */,
				B7EFC612221187D900EB0658 /* Sources */,
				B7EFC613221187D900EB0658 /* Frameworks */,
				B7EFC614221187D900EB0658 /* Resources */,
				B6584B88272647896A75F051 /* [CP] Embed Pods Frameworks */,
			);
			buildRules = (
			);
			dependencies = (
			);
			name = 17;
			productName = 17;
			productReference = B7EFC616221187D900EB0658 /* 17.app */;
			productType = "com.apple.product-type.application";
		};
/* End PBXNativeTarget section */

/* Begin PBXProject section */
		B7EFC60E221187D900EB0658 /* Project object */ = {
			isa = PBXProject;
			attributes = {
				LastSwiftUpdateCheck = 1010;
				LastUpgradeCheck = 1010;
				ORGANIZATIONNAME = tomoki;
				TargetAttributes = {
					B7EFC615221187D900EB0658 = {
						CreatedOnToolsVersion = 10.1;
					};
				};
			};
			buildConfigurationList = B7EFC611221187D900EB0658 /* Build configuration list for PBXProject "17" */;
			compatibilityVersion = "Xcode 9.3";
			developmentRegion = en;
			hasScannedForEncodings = 0;
			knownRegions = (
				en,
				Base,
			);
			mainGroup = B7EFC60D221187D900EB0658;
			productRefGroup = B7EFC617221187D900EB0658 /* Products */;
			projectDirPath = "";
			projectRoot = "";
			targets = (
				B7EFC615221187D900EB0658 /* 17 */,
			);
		};
/* End PBXProject section */

/* Begin PBXResourcesBuildPhase section */
		B7EFC614221187D900EB0658 /* Resources */ = {
			isa = PBXResourcesBuildPhase;
			buildActionMask = 2147483647;
			files = (
				B7EFC624221187DA00EB0658 /* LaunchScreen.storyboard in Resources */,
				B7EFC62C2211887C00EB0658 /* GoogleService-Info.plist in Resources */,
				B7EFC621221187DA00EB0658 /* Assets.xcassets in Resources */,
				B7EFC61F221187D900EB0658 /* Main.storyboard in Resources */,
			);
			runOnlyForDeploymentPostprocessing = 0;
		};
/* End PBXResourcesBuildPhase section */

/* Begin PBXShellScriptBuildPhase section */
		95ECA6301D5D3F0604743D0D /* [CP] Check Pods Manifest.lock */ = {
			isa = PBXShellScriptBuildPhase;
			buildActionMask = 2147483647;
			files = (
			);
			inputFileListPaths = (
			);
			inputPaths = (
				"${PODS_PODFILE_DIR_PATH}/Podfile.lock",
				"${PODS_ROOT}/Manifest.lock",
			);
			name = "[CP] Check Pods Manifest.lock";
			outputFileListPaths = (
			);
			outputPaths = (
				"$(DERIVED_FILE_DIR)/Pods-17-checkManifestLockResult.txt",
			);
			runOnlyForDeploymentPostprocessing = 0;
			shellPath = /bin/sh;
			shellScript = "diff \"${PODS_PODFILE_DIR_PATH}/Podfile.lock\" \"${PODS_ROOT}/Manifest.lock\" > /dev/null\nif [ $? != 0 ] ; then\n    # print error to STDERR\n    echo \"error: The sandbox is not in sync with the Podfile.lock. Run 'pod install' or update your CocoaPods installation.\" >&2\n    exit 1\nfi\n# This output is used by Xcode 'outputs' to avoid re-running this script phase.\necho \"SUCCESS\" > \"${SCRIPT_OUTPUT_FILE_0}\"\n";
			showEnvVarsInLog = 0;
		};
		B6584B88272647896A75F051 /* [CP] Embed Pods Frameworks */ = {
			isa = PBXShellScriptBuildPhase;
			buildActionMask = 2147483647;
			files = (
			);
			inputFileListPaths = (
			);
			inputPaths = (
				"${SRCROOT}/Pods/Target Support Files/Pods-17/Pods-17-frameworks.sh",
				"${BUILT_PRODUCTS_DIR}/Alamofire/Alamofire.framework",
				"${BUILT_PRODUCTS_DIR}/GoogleUtilities/GoogleUtilities.framework",
				"${BUILT_PRODUCTS_DIR}/MessageInputBar/MessageInputBar.framework",
				"${BUILT_PRODUCTS_DIR}/MessageKit/MessageKit.framework",
				"${BUILT_PRODUCTS_DIR}/leveldb-library/leveldb.framework",
				"${BUILT_PRODUCTS_DIR}/nanopb/nanopb.framework",
			);
			name = "[CP] Embed Pods Frameworks";
			outputFileListPaths = (
			);
			outputPaths = (
				"${TARGET_BUILD_DIR}/${FRAMEWORKS_FOLDER_PATH}/Alamofire.framework",
				"${TARGET_BUILD_DIR}/${FRAMEWORKS_FOLDER_PATH}/GoogleUtilities.framework",
				"${TARGET_BUILD_DIR}/${FRAMEWORKS_FOLDER_PATH}/MessageInputBar.framework",
				"${TARGET_BUILD_DIR}/${FRAMEWORKS_FOLDER_PATH}/MessageKit.framework",
				"${TARGET_BUILD_DIR}/${FRAMEWORKS_FOLDER_PATH}/leveldb.framework",
				"${TARGET_BUILD_DIR}/${FRAMEWORKS_FOLDER_PATH}/nanopb.framework",
			);
			runOnlyForDeploymentPostprocessing = 0;
			shellPath = /bin/sh;
			shellScript = "\"${SRCROOT}/Pods/Target Support Files/Pods-17/Pods-17-frameworks.sh\"\n";
			showEnvVarsInLog = 0;
		};
/* End PBXShellScriptBuildPhase section */

/* Begin PBXSourcesBuildPhase section */
		B7EFC612221187D900EB0658 /* Sources */ = {
			isa = PBXSourcesBuildPhase;
			buildActionMask = 2147483647;
			files = (
				B7EFC61C221187D900EB0658 /* ChatViewController.swift in Sources */,
				B7EFC62E221188C900EB0658 /* Messages.swift in Sources */,
				B7EFC61A221187D900EB0658 /* AppDelegate.swift in Sources */,
			);
			runOnlyForDeploymentPostprocessing = 0;
		};
/* End PBXSourcesBuildPhase section */

/* Begin PBXVariantGroup section */
		B7EFC61D221187D900EB0658 /* Main.storyboard */ = {
			isa = PBXVariantGroup;
			children = (
				B7EFC61E221187D900EB0658 /* Base */,
			);
			name = Main.storyboard;
			sourceTree = "<group>";
		};
		B7EFC622221187DA00EB0658 /* LaunchScreen.storyboard */ = {
			isa = PBXVariantGroup;
			children = (
				B7EFC623221187DA00EB0658 /* Base */,
			);
			name = LaunchScreen.storyboard;
			sourceTree = "<group>";
		};
/* End PBXVariantGroup section */

/* Begin XCBuildConfiguration section */
		B7EFC626221187DA00EB0658 /* Debug */ = {
			isa = XCBuildConfiguration;
			buildSettings = {
				ALWAYS_SEARCH_USER_PATHS = NO;
				CLANG_ANALYZER_NONNULL = YES;
				CLANG_ANALYZER_NUMBER_OBJECT_CONVERSION = YES_AGGRESSIVE;
				CLANG_CXX_LANGUAGE_STANDARD = "gnu++14";
				CLANG_CXX_LIBRARY = "libc++";
				CLANG_ENABLE_MODULES = YES;
				CLANG_ENABLE_OBJC_ARC = YES;
				CLANG_ENABLE_OBJC_WEAK = YES;
				CLANG_WARN_BLOCK_CAPTURE_AUTORELEASING = YES;
				CLANG_WARN_BOOL_CONVERSION = YES;
				CLANG_WARN_COMMA = YES;
				CLANG_WARN_CONSTANT_CONVERSION = YES;
				CLANG_WARN_DEPRECATED_OBJC_IMPLEMENTATIONS = YES;
				CLANG_WARN_DIRECT_OBJC_ISA_USAGE = YES_ERROR;
				CLANG_WARN_DOCUMENTATION_COMMENTS = YES;
				CLANG_WARN_EMPTY_BODY = YES;
				CLANG_WARN_ENUM_CONVERSION = YES;
				CLANG_WARN_INFINITE_RECURSION = YES;
				CLANG_WARN_INT_CONVERSION = YES;
				CLANG_WARN_NON_LITERAL_NULL_CONVERSION = YES;
				CLANG_WARN_OBJC_IMPLICIT_RETAIN_SELF = YES;
				CLANG_WARN_OBJC_LITERAL_CONVERSION = YES;
				CLANG_WARN_OBJC_ROOT_CLASS = YES_ERROR;
				CLANG_WARN_RANGE_LOOP_ANALYSIS = YES;
				CLANG_WARN_STRICT_PROTOTYPES = YES;
				CLANG_WARN_SUSPICIOUS_MOVE = YES;
				CLANG_WARN_UNGUARDED_AVAILABILITY = YES_AGGRESSIVE;
				CLANG_WARN_UNREACHABLE_CODE = YES;
				CLANG_WARN__DUPLICATE_METHOD_MATCH = YES;
				CODE_SIGN_IDENTITY = "iPhone Developer";
				COPY_PHASE_STRIP = NO;
				DEBUG_INFORMATION_FORMAT = dwarf;
				ENABLE_STRICT_OBJC_MSGSEND = YES;
				ENABLE_TESTABILITY = YES;
				GCC_C_LANGUAGE_STANDARD = gnu11;
				GCC_DYNAMIC_NO_PIC = NO;
				GCC_NO_COMMON_BLOCKS = YES;
				GCC_OPTIMIZATION_LEVEL = 0;
				GCC_PREPROCESSOR_DEFINITIONS = (
					"DEBUG=1",
					"$(inherited)",
				);
				GCC_WARN_64_TO_32_BIT_CONVERSION = YES;
				GCC_WARN_ABOUT_RETURN_TYPE = YES_ERROR;
				GCC_WARN_UNDECLARED_SELECTOR = YES;
				GCC_WARN_UNINITIALIZED_AUTOS = YES_AGGRESSIVE;
				GCC_WARN_UNUSED_FUNCTION = YES;
				GCC_WARN_UNUSED_VARIABLE = YES;
				IPHONEOS_DEPLOYMENT_TARGET = 12.1;
				MTL_ENABLE_DEBUG_INFO = INCLUDE_SOURCE;
				MTL_FAST_MATH = YES;
				ONLY_ACTIVE_ARCH = YES;
				SDKROOT = iphoneos;
				SWIFT_ACTIVE_COMPILATION_CONDITIONS = DEBUG;
				SWIFT_OPTIMIZATION_LEVEL = "-Onone";
			};
			name = Debug;
		};
		B7EFC627221187DA00EB0658 /* Release */ = {
			isa = XCBuildConfiguration;
			buildSettings = {
				ALWAYS_SEARCH_USER_PATHS = NO;
				CLANG_ANALYZER_NONNULL = YES;
				CLANG_ANALYZER_NUMBER_OBJECT_CONVERSION = YES_AGGRESSIVE;
				CLANG_CXX_LANGUAGE_STANDARD = "gnu++14";
				CLANG_CXX_LIBRARY = "libc++";
				CLANG_ENABLE_MODULES = YES;
				CLANG_ENABLE_OBJC_ARC = YES;
				CLANG_ENABLE_OBJC_WEAK = YES;
				CLANG_WARN_BLOCK_CAPTURE_AUTORELEASING = YES;
				CLANG_WARN_BOOL_CONVERSION = YES;
				CLANG_WARN_COMMA = YES;
				CLANG_WARN_CONSTANT_CONVERSION = YES;
				CLANG_WARN_DEPRECATED_OBJC_IMPLEMENTATIONS = YES;
				CLANG_WARN_DIRECT_OBJC_ISA_USAGE = YES_ERROR;
				CLANG_WARN_DOCUMENTATION_COMMENTS = YES;
				CLANG_WARN_EMPTY_BODY = YES;
				CLANG_WARN_ENUM_CONVERSION = YES;
				CLANG_WARN_INFINITE_RECURSION = YES;
				CLANG_WARN_INT_CONVERSION = YES;
				CLANG_WARN_NON_LITERAL_NULL_CONVERSION = YES;
				CLANG_WARN_OBJC_IMPLICIT_RETAIN_SELF = YES;
				CLANG_WARN_OBJC_LITERAL_CONVERSION = YES;
				CLANG_WARN_OBJC_ROOT_CLASS = YES_ERROR;
				CLANG_WARN_RANGE_LOOP_ANALYSIS = YES;
				CLANG_WARN_STRICT_PROTOTYPES = YES;
				CLANG_WARN_SUSPICIOUS_MOVE = YES;
				CLANG_WARN_UNGUARDED_AVAILABILITY = YES_AGGRESSIVE;
				CLANG_WARN_UNREACHABLE_CODE = YES;
				CLANG_WARN__DUPLICATE_METHOD_MATCH = YES;
				CODE_SIGN_IDENTITY = "iPhone Developer";
				COPY_PHASE_STRIP = NO;
				DEBUG_INFORMATION_FORMAT = "dwarf-with-dsym";
				ENABLE_NS_ASSERTIONS = NO;
				ENABLE_STRICT_OBJC_MSGSEND = YES;
				GCC_C_LANGUAGE_STANDARD = gnu11;
				GCC_NO_COMMON_BLOCKS = YES;
				GCC_WARN_64_TO_32_BIT_CONVERSION = YES;
				GCC_WARN_ABOUT_RETURN_TYPE = YES_ERROR;
				GCC_WARN_UNDECLARED_SELECTOR = YES;
				GCC_WARN_UNINITIALIZED_AUTOS = YES_AGGRESSIVE;
				GCC_WARN_UNUSED_FUNCTION = YES;
				GCC_WARN_UNUSED_VARIABLE = YES;
				IPHONEOS_DEPLOYMENT_TARGET = 12.1;
				MTL_ENABLE_DEBUG_INFO = NO;
				MTL_FAST_MATH = YES;
				SDKROOT = iphoneos;
				SWIFT_COMPILATION_MODE = wholemodule;
				SWIFT_OPTIMIZATION_LEVEL = "-O";
				VALIDATE_PRODUCT = YES;
			};
			name = Release;
		};
		B7EFC629221187DA00EB0658 /* Debug */ = {
			isa = XCBuildConfiguration;
			baseConfigurationReference = AC62270AA1459EB00653761C /* Pods-17.debug.xcconfig */;
			buildSettings = {
				ASSETCATALOG_COMPILER_APPICON_NAME = AppIcon;
				CODE_SIGN_STYLE = Automatic;
				INFOPLIST_FILE = 17/Info.plist;
				LD_RUNPATH_SEARCH_PATHS = (
					"$(inherited)",
					"@executable_path/Frameworks",
				);
				PRODUCT_BUNDLE_IDENTIFIER = "com.tomoki.-7";
				PRODUCT_NAME = "$(TARGET_NAME)";
				SWIFT_VERSION = 4.2;
				TARGETED_DEVICE_FAMILY = "1,2";
			};
			name = Debug;
		};
		B7EFC62A221187DA00EB0658 /* Release */ = {
			isa = XCBuildConfiguration;
			baseConfigurationReference = A4D658B74BBB8F099662F619 /* Pods-17.release.xcconfig */;
			buildSettings = {
				ASSETCATALOG_COMPILER_APPICON_NAME = AppIcon;
				CODE_SIGN_STYLE = Automatic;
				INFOPLIST_FILE = 17/Info.plist;
				LD_RUNPATH_SEARCH_PATHS = (
					"$(inherited)",
					"@executable_path/Frameworks",
				);
				PRODUCT_BUNDLE_IDENTIFIER = "com.tomoki.-7";
				PRODUCT_NAME = "$(TARGET_NAME)";
				SWIFT_VERSION = 4.2;
				TARGETED_DEVICE_FAMILY = "1,2";
			};
			name = Release;
		};
/* End XCBuildConfiguration section */

/* Begin XCConfigurationList section */
		B7EFC611221187D900EB0658 /* Build configuration list for PBXProject "17" */ = {
			isa = XCConfigurationList;
			buildConfigurations = (
				B7EFC626221187DA00EB0658 /* Debug */,
				B7EFC627221187DA00EB0658 /* Release */,
			);
			defaultConfigurationIsVisible = 0;
			defaultConfigurationName = Release;
		};
		B7EFC628221187DA00EB0658 /* Build configuration list for PBXNativeTarget "17" */ = {
			isa = XCConfigurationList;
			buildConfigurations = (
				B7EFC629221187DA00EB0658 /* Debug */,
				B7EFC62A221187DA00EB0658 /* Release */,
			);
			defaultConfigurationIsVisible = 0;
			defaultConfigurationName = Release;
		};
/* End XCConfigurationList section */
	};
	rootObject = B7EFC60E221187D900EB0658 /* Project object */;
}
