// !$*UTF8*$!
{
	archiveVersion = 1;
	classes = {
	};
	objectVersion = 50;
	objects = {

/* Begin PBXGroup section */
		B7F1560D226614A600E14B52 = {
			isa = PBXGroup;
			children = (
			);
			sourceTree = "<group>";
		};
/* End PBXGroup section */

/* Begin PBXProject section */
		B7F1560E226614A600E14B52 /* Project object */ = {
			isa = PBXProject;
			attributes = {
				LastUpgradeCheck = 1010;
			};
			buildConfigurationList = B7F15611226614A600E14B52 /* Build configuration list for PBXProject "81" */;
			compatibilityVersion = "Xcode 9.3";
			developmentRegion = en;
			hasScannedForEncodings = 0;
			knownRegions = (
				en,
			);
			mainGroup = B7F1560D226614A600E14B52;
			projectDirPath = "";
			projectRoot = "";
			targets = (
			);
		};
/* End PBXProject section */

/* Begin XCBuildConfiguration section */
		B7F1560F226614A600E14B52 /* Debug */ = {
			isa = XCBuildConfiguration;
			buildSettings = {
				COPY_PHASE_STRIP = NO;
			};
			name = Debug;
		};
		B7F15610226614A600E14B52 /* Release */ = {
			isa = XCBuildConfiguration;
			buildSettings = {
				COPY_PHASE_STRIP = YES;
			};
			name = Release;
		};
/* End XCBuildConfiguration section */

/* Begin XCConfigurationList section */
		B7F15611226614A600E14B52 /* Build configuration list for PBXProject "81" */ = {
			isa = XCConfigurationList;
			buildConfigurations = (
				B7F1560F226614A600E14B52 /* Debug */,
				B7F15610226614A600E14B52 /* Release */,
			);
			defaultConfigurationIsVisible = 0;
			defaultConfigurationName = Release;
		};
/* End XCConfigurationList section */
	};
	rootObject = B7F1560E226614A600E14B52 /* Project object */;
}
