// !$*UTF8*$!
{
	archiveVersion = 1;
	classes = {
	};
	objectVersion = 50;
	objects = {

/* Begin PBXBuildFile section */
		B7E8941B21FDC78100CBD539 /* AppDelegate.swift in Sources */ = {isa = PBXBuildFile; fileRef = B7E8941A21FDC78100CBD539 /* AppDelegate.swift */; };
		B7E8941D21FDC78100CBD539 /* ViewController.swift in Sources */ = {isa = PBXBuildFile; fileRef = B7E8941C21FDC78100CBD539 /* ViewController.swift */; };
		B7E8942021FDC78100CBD539 /* Main.storyboard in Resources */ = {isa = PBXBuildFile; fileRef = B7E8941E21FDC78100CBD539 /* Main.storyboard */; };
		B7E8942221FDC78300CBD539 /* Assets.xcassets in Resources */ = {isa = PBXBuildFile; fileRef = B7E8942121FDC78300CBD539 /* Assets.xcassets */; };
		B7E8942521FDC78300CBD539 /* LaunchScreen.storyboard in Resources */ = {isa = PBXBuildFile; fileRef = B7E8942321FDC78300CBD539 /* LaunchScreen.storyboard */; };
/* End PBXBuildFile section */

/* Begin PBXContainerItemProxy section */
		B7E8942C21FDC78300CBD539 /* PBXContainerItemProxy */ = {
			isa = PBXContainerItemProxy;
			containerPortal = B7E8940F21FDC78100CBD539 /* Project object */;
			proxyType = 1;
			remoteGlobalIDString = B7E8941621FDC78100CBD539;
			remoteInfo = 02;
		};
		B7E8943721FDC78300CBD539 /* PBXContainerItemProxy */ = {
			isa = PBXContainerItemProxy;
			containerPortal = B7E8940F21FDC78100CBD539 /* Project object */;
			proxyType = 1;
			remoteGlobalIDString = B7E8941621FDC78100CBD539;
			remoteInfo = 02;
		};
/* End PBXContainerItemProxy section */

/* Begin PBXFileReference section */
		B7E8941721FDC78100CBD539 /* 02.app */ = {isa = PBXFileReference; explicitFileType = wrapper.application; includeInIndex = 0; path = 02.app; sourceTree = BUILT_PRODUCTS_DIR; };
		B7E8941A21FDC78100CBD539 /* AppDelegate.swift */ = {isa = PBXFileReference; lastKnownFileType = sourcecode.swift; path = AppDelegate.swift; sourceTree = "<group>"; };
		B7E8941C21FDC78100CBD539 /* ViewController.swift */ = {isa = PBXFileReference; lastKnownFileType = sourcecode.swift; path = ViewController.swift; sourceTree = "<group>"; };
		B7E8941F21FDC78100CBD539 /* Base */ = {isa = PBXFileReference; lastKnownFileType = file.storyboard; name = Base; path = Base.lproj/Main.storyboard; sourceTree = "<group>"; };
		B7E8942121FDC78300CBD539 /* Assets.xcassets */ = {isa = PBXFileReference; lastKnownFileType = folder.assetcatalog; path = Assets.xcassets; sourceTree = "<group>"; };
		B7E8942421FDC78300CBD539 /* Base */ = {isa = PBXFileReference; lastKnownFileType = file.storyboard; name = Base; path = Base.lproj/LaunchScreen.storyboard; sourceTree = "<group>"; };
		B7E8942621FDC78300CBD539 /* Info.plist */ = {isa = PBXFileReference; lastKnownFileType = text.plist.xml; path = Info.plist; sourceTree = "<group>"; };
		B7E8942B21FDC78300CBD539 /* 02Tests.xctest */ = {isa = PBXFileReference; explicitFileType = wrapper.cfbundle; includeInIndex = 0; path = 02Tests.xctest; sourceTree = BUILT_PRODUCTS_DIR; };
		B7E8943621FDC78300CBD539 /* 02UITests.xctest */ = {isa = PBXFileReference; explicitFileType = wrapper.cfbundle; includeInIndex = 0; path = 02UITests.xctest; sourceTree = BUILT_PRODUCTS_DIR; };
/* End PBXFileReference section */

/* Begin PBXFrameworksBuildPhase section */
		B7E8941421FDC78100CBD539 /* Frameworks */ = {
			isa = PBXFrameworksBuildPhase;
			buildActionMask = 2147483647;
			files = (
			);
			runOnlyForDeploymentPostprocessing = 0;
		};
		B7E8942821FDC78300CBD539 /* Frameworks */ = {
			isa = PBXFrameworksBuildPhase;
			buildActionMask = 2147483647;
			files = (
			);
			runOnlyForDeploymentPostprocessing = 0;
		};
		B7E8943321FDC78300CBD539 /* Frameworks */ = {
			isa = PBXFrameworksBuildPhase;
			buildActionMask = 2147483647;
			files = (
			);
			runOnlyForDeploymentPostprocessing = 0;
		};
/* End PBXFrameworksBuildPhase section */

/* Begin PBXGroup section */
		B7E8940E21FDC78100CBD539 = {
			isa = PBXGroup;
			children = (
				B7E8941921FDC78100CBD539 /* 02 */,
				B7E8941821FDC78100CBD539 /* Products */,
			);
			sourceTree = "<group>";
		};
		B7E8941821FDC78100CBD539 /* Products */ = {
			isa = PBXGroup;
			children = (
				B7E8941721FDC78100CBD539 /* 02.app */,
				B7E8942B21FDC78300CBD539 /* 02Tests.xctest */,
				B7E8943621FDC78300CBD539 /* 02UITests.xctest */,
			);
			name = Products;
			sourceTree = "<group>";
		};
		B7E8941921FDC78100CBD539 /* 02 */ = {
			isa = PBXGroup;
			children = (
				B7E8941A21FDC78100CBD539 /* AppDelegate.swift */,
				B7E8941C21FDC78100CBD539 /* ViewController.swift */,
				B7E8941E21FDC78100CBD539 /* Main.storyboard */,
				B7E8942121FDC78300CBD539 /* Assets.xcassets */,
				B7E8942321FDC78300CBD539 /* LaunchScreen.storyboard */,
				B7E8942621FDC78300CBD539 /* Info.plist */,
			);
			path = 02;
			sourceTree = "<group>";
		};
/* End PBXGroup section */

/* Begin PBXNativeTarget section */
		B7E8941621FDC78100CBD539 /* 02 */ = {
			isa = PBXNativeTarget;
			buildConfigurationList = B7E8943F21FDC78300CBD539 /* Build configuration list for PBXNativeTarget "02" */;
			buildPhases = (
				B7E8941321FDC78100CBD539 /* Sources */,
				B7E8941421FDC78100CBD539 /* Frameworks */,
				B7E8941521FDC78100CBD539 /* Resources */,
			);
			buildRules = (
			);
			dependencies = (
			);
			name = 02;
			productName = 02;
			productReference = B7E8941721FDC78100CBD539 /* 02.app */;
			productType = "com.apple.product-type.application";
		};
		B7E8942A21FDC78300CBD539 /* 02Tests */ = {
			isa = PBXNativeTarget;
			buildConfigurationList = B7E8944221FDC78300CBD539 /* Build configuration list for PBXNativeTarget "02Tests" */;
			buildPhases = (
				B7E8942721FDC78300CBD539 /* Sources */,
				B7E8942821FDC78300CBD539 /* Frameworks */,
				B7E8942921FDC78300CBD539 /* Resources */,
			);
			buildRules = (
			);
			dependencies = (
				B7E8942D21FDC78300CBD539 /* PBXTargetDependency */,
			);
			name = 02Tests;
			productName = 02Tests;
			productReference = B7E8942B21FDC78300CBD539 /* 02Tests.xctest */;
			productType = "com.apple.product-type.bundle.unit-test";
		};
		B7E8943521FDC78300CBD539 /* 02UITests */ = {
			isa = PBXNativeTarget;
			buildConfigurationList = B7E8944521FDC78300CBD539 /* Build configuration list for PBXNativeTarget "02UITests" */;
			buildPhases = (
				B7E8943221FDC78300CBD539 /* Sources */,
				B7E8943321FDC78300CBD539 /* Frameworks */,
				B7E8943421FDC78300CBD539 /* Resources */,
			);
			buildRules = (
			);
			dependencies = (
				B7E8943821FDC78300CBD539 /* PBXTargetDependency */,
			);
			name = 02UITests;
			productName = 02UITests;
			productReference = B7E8943621FDC78300CBD539 /* 02UITests.xctest */;
			productType = "com.apple.product-type.bundle.ui-testing";
		};
/* End PBXNativeTarget section */

/* Begin PBXProject section */
		B7E8940F21FDC78100CBD539 /* Project object */ = {
			isa = PBXProject;
			attributes = {
				LastSwiftUpdateCheck = 1010;
				LastUpgradeCheck = 1010;
				ORGANIZATIONNAME = tomoki;
				TargetAttributes = {
					B7E8941621FDC78100CBD539 = {
						CreatedOnToolsVersion = 10.1;
					};
					B7E8942A21FDC78300CBD539 = {
						CreatedOnToolsVersion = 10.1;
						TestTargetID = B7E8941621FDC78100CBD539;
					};
					B7E8943521FDC78300CBD539 = {
						CreatedOnToolsVersion = 10.1;
						TestTargetID = B7E8941621FDC78100CBD539;
					};
				};
			};
			buildConfigurationList = B7E8941221FDC78100CBD539 /* Build configuration list for PBXProject "02" */;
			compatibilityVersion = "Xcode 9.3";
			developmentRegion = en;
			hasScannedForEncodings = 0;
			knownRegions = (
				en,
				Base,
			);
			mainGroup = B7E8940E21FDC78100CBD539;
			productRefGroup = B7E8941821FDC78100CBD539 /* Products */;
			projectDirPath = "";
			projectRoot = "";
			targets = (
				B7E8941621FDC78100CBD539 /* 02 */,
				B7E8942A21FDC78300CBD539 /* 02Tests */,
				B7E8943521FDC78300CBD539 /* 02UITests */,
			);
		};
/* End PBXProject section */

/* Begin PBXResourcesBuildPhase section */
		B7E8941521FDC78100CBD539 /* Resources */ = {
			isa = PBXResourcesBuildPhase;
			buildActionMask = 2147483647;
			files = (
				B7E8942521FDC78300CBD539 /* LaunchScreen.storyboard in Resources */,
				B7E8942221FDC78300CBD539 /* Assets.xcassets in Resources */,
				B7E8942021FDC78100CBD539 /* Main.storyboard in Resources */,
			);
			runOnlyForDeploymentPostprocessing = 0;
		};
		B7E8942921FDC78300CBD539 /* Resources */ = {
			isa = PBXResourcesBuildPhase;
			buildActionMask = 2147483647;
			files = (
			);
			runOnlyForDeploymentPostprocessing = 0;
		};
		B7E8943421FDC78300CBD539 /* Resources */ = {
			isa = PBXResourcesBuildPhase;
			buildActionMask = 2147483647;
			files = (
			);
			runOnlyForDeploymentPostprocessing = 0;
		};
/* End PBXResourcesBuildPhase section */

/* Begin PBXSourcesBuildPhase section */
		B7E8941321FDC78100CBD539 /* Sources */ = {
			isa = PBXSourcesBuildPhase;
			buildActionMask = 2147483647;
			files = (
				B7E8941D21FDC78100CBD539 /* ViewController.swift in Sources */,
				B7E8941B21FDC78100CBD539 /* AppDelegate.swift in Sources */,
			);
			runOnlyForDeploymentPostprocessing = 0;
		};
		B7E8942721FDC78300CBD539 /* Sources */ = {
			isa = PBXSourcesBuildPhase;
			buildActionMask = 2147483647;
			files = (
			);
			runOnlyForDeploymentPostprocessing = 0;
		};
		B7E8943221FDC78300CBD539 /* Sources */ = {
			isa = PBXSourcesBuildPhase;
			buildActionMask = 2147483647;
			files = (
			);
			runOnlyForDeploymentPostprocessing = 0;
		};
/* End PBXSourcesBuildPhase section */

/* Begin PBXTargetDependency section */
		B7E8942D21FDC78300CBD539 /* PBXTargetDependency */ = {
			isa = PBXTargetDependency;
			target = B7E8941621FDC78100CBD539 /* 02 */;
			targetProxy = B7E8942C21FDC78300CBD539 /* PBXContainerItemProxy */;
		};
		B7E8943821FDC78300CBD539 /* PBXTargetDependency */ = {
			isa = PBXTargetDependency;
			target = B7E8941621FDC78100CBD539 /* 02 */;
			targetProxy = B7E8943721FDC78300CBD539 /* PBXContainerItemProxy */;
		};
/* End PBXTargetDependency section */

/* Begin PBXVariantGroup section */
		B7E8941E21FDC78100CBD539 /* Main.storyboard */ = {
			isa = PBXVariantGroup;
			children = (
				B7E8941F21FDC78100CBD539 /* Base */,
			);
			name = Main.storyboard;
			sourceTree = "<group>";
		};
		B7E8942321FDC78300CBD539 /* LaunchScreen.storyboard */ = {
			isa = PBXVariantGroup;
			children = (
				B7E8942421FDC78300CBD539 /* Base */,
			);
			name = LaunchScreen.storyboard;
			sourceTree = "<group>";
		};
/* End PBXVariantGroup section */

/* Begin XCBuildConfiguration section */
		B7E8943D21FDC78300CBD539 /* Debug */ = {
			isa = XCBuildConfiguration;
			buildSettings = {
				ALWAYS_SEARCH_USER_PATHS = NO;
				CLANG_ANALYZER_NONNULL = YES;
				CLANG_ANALYZER_NUMBER_OBJECT_CONVERSION = YES_AGGRESSIVE;
				CLANG_CXX_LANGUAGE_STANDARD = "gnu++14";
				CLANG_CXX_LIBRARY = "libc++";
				CLANG_ENABLE_MODULES = YES;
				CLANG_ENABLE_OBJC_ARC = YES;
				CLANG_ENABLE_OBJC_WEAK = YES;
				CLANG_WARN_BLOCK_CAPTURE_AUTORELEASING = YES;
				CLANG_WARN_BOOL_CONVERSION = YES;
				CLANG_WARN_COMMA = YES;
				CLANG_WARN_CONSTANT_CONVERSION = YES;
				CLANG_WARN_DEPRECATED_OBJC_IMPLEMENTATIONS = YES;
				CLANG_WARN_DIRECT_OBJC_ISA_USAGE = YES_ERROR;
				CLANG_WARN_DOCUMENTATION_COMMENTS = YES;
				CLANG_WARN_EMPTY_BODY = YES;
				CLANG_WARN_ENUM_CONVERSION = YES;
				CLANG_WARN_INFINITE_RECURSION = YES;
				CLANG_WARN_INT_CONVERSION = YES;
				CLANG_WARN_NON_LITERAL_NULL_CONVERSION = YES;
				CLANG_WARN_OBJC_IMPLICIT_RETAIN_SELF = YES;
				CLANG_WARN_OBJC_LITERAL_CONVERSION = YES;
				CLANG_WARN_OBJC_ROOT_CLASS = YES_ERROR;
				CLANG_WARN_RANGE_LOOP_ANALYSIS = YES;
				CLANG_WARN_STRICT_PROTOTYPES = YES;
				CLANG_WARN_SUSPICIOUS_MOVE = YES;
				CLANG_WARN_UNGUARDED_AVAILABILITY = YES_AGGRESSIVE;
				CLANG_WARN_UNREACHABLE_CODE = YES;
				CLANG_WARN__DUPLICATE_METHOD_MATCH = YES;
				CODE_SIGN_IDENTITY = "iPhone Developer";
				COPY_PHASE_STRIP = NO;
				DEBUG_INFORMATION_FORMAT = dwarf;
				ENABLE_STRICT_OBJC_MSGSEND = YES;
				ENABLE_TESTABILITY = YES;
				GCC_C_LANGUAGE_STANDARD = gnu11;
				GCC_DYNAMIC_NO_PIC = NO;
				GCC_NO_COMMON_BLOCKS = YES;
				GCC_OPTIMIZATION_LEVEL = 0;
				GCC_PREPROCESSOR_DEFINITIONS = (
					"DEBUG=1",
					"$(inherited)",
				);
				GCC_WARN_64_TO_32_BIT_CONVERSION = YES;
				GCC_WARN_ABOUT_RETURN_TYPE = YES_ERROR;
				GCC_WARN_UNDECLARED_SELECTOR = YES;
				GCC_WARN_UNINITIALIZED_AUTOS = YES_AGGRESSIVE;
				GCC_WARN_UNUSED_FUNCTION = YES;
				GCC_WARN_UNUSED_VARIABLE = YES;
				IPHONEOS_DEPLOYMENT_TARGET = 12.1;
				MTL_ENABLE_DEBUG_INFO = INCLUDE_SOURCE;
				MTL_FAST_MATH = YES;
				ONLY_ACTIVE_ARCH = YES;
				SDKROOT = iphoneos;
				SWIFT_ACTIVE_COMPILATION_CONDITIONS = DEBUG;
				SWIFT_OPTIMIZATION_LEVEL = "-Onone";
			};
			name = Debug;
		};
		B7E8943E21FDC78300CBD539 /* Release */ = {
			isa = XCBuildConfiguration;
			buildSettings = {
				ALWAYS_SEARCH_USER_PATHS = NO;
				CLANG_ANALYZER_NONNULL = YES;
				CLANG_ANALYZER_NUMBER_OBJECT_CONVERSION = YES_AGGRESSIVE;
				CLANG_CXX_LANGUAGE_STANDARD = "gnu++14";
				CLANG_CXX_LIBRARY = "libc++";
				CLANG_ENABLE_MODULES = YES;
				CLANG_ENABLE_OBJC_ARC = YES;
				CLANG_ENABLE_OBJC_WEAK = YES;
				CLANG_WARN_BLOCK_CAPTURE_AUTORELEASING = YES;
				CLANG_WARN_BOOL_CONVERSION = YES;
				CLANG_WARN_COMMA = YES;
				CLANG_WARN_CONSTANT_CONVERSION = YES;
				CLANG_WARN_DEPRECATED_OBJC_IMPLEMENTATIONS = YES;
				CLANG_WARN_DIRECT_OBJC_ISA_USAGE = YES_ERROR;
				CLANG_WARN_DOCUMENTATION_COMMENTS = YES;
				CLANG_WARN_EMPTY_BODY = YES;
				CLANG_WARN_ENUM_CONVERSION = YES;
				CLANG_WARN_INFINITE_RECURSION = YES;
				CLANG_WARN_INT_CONVERSION = YES;
				CLANG_WARN_NON_LITERAL_NULL_CONVERSION = YES;
				CLANG_WARN_OBJC_IMPLICIT_RETAIN_SELF = YES;
				CLANG_WARN_OBJC_LITERAL_CONVERSION = YES;
				CLANG_WARN_OBJC_ROOT_CLASS = YES_ERROR;
				CLANG_WARN_RANGE_LOOP_ANALYSIS = YES;
				CLANG_WARN_STRICT_PROTOTYPES = YES;
				CLANG_WARN_SUSPICIOUS_MOVE = YES;
				CLANG_WARN_UNGUARDED_AVAILABILITY = YES_AGGRESSIVE;
				CLANG_WARN_UNREACHABLE_CODE = YES;
				CLANG_WARN__DUPLICATE_METHOD_MATCH = YES;
				CODE_SIGN_IDENTITY = "iPhone Developer";
				COPY_PHASE_STRIP = NO;
				DEBUG_INFORMATION_FORMAT = "dwarf-with-dsym";
				ENABLE_NS_ASSERTIONS = NO;
				ENABLE_STRICT_OBJC_MSGSEND = YES;
				GCC_C_LANGUAGE_STANDARD = gnu11;
				GCC_NO_COMMON_BLOCKS = YES;
				GCC_WARN_64_TO_32_BIT_CONVERSION = YES;
				GCC_WARN_ABOUT_RETURN_TYPE = YES_ERROR;
				GCC_WARN_UNDECLARED_SELECTOR = YES;
				GCC_WARN_UNINITIALIZED_AUTOS = YES_AGGRESSIVE;
				GCC_WARN_UNUSED_FUNCTION = YES;
				GCC_WARN_UNUSED_VARIABLE = YES;
				IPHONEOS_DEPLOYMENT_TARGET = 12.1;
				MTL_ENABLE_DEBUG_INFO = NO;
				MTL_FAST_MATH = YES;
				SDKROOT = iphoneos;
				SWIFT_COMPILATION_MODE = wholemodule;
				SWIFT_OPTIMIZATION_LEVEL = "-O";
				VALIDATE_PRODUCT = YES;
			};
			name = Release;
		};
		B7E8944021FDC78300CBD539 /* Debug */ = {
			isa = XCBuildConfiguration;
			buildSettings = {
				ASSETCATALOG_COMPILER_APPICON_NAME = AppIcon;
				CODE_SIGN_STYLE = Automatic;
				INFOPLIST_FILE = 02/Info.plist;
				LD_RUNPATH_SEARCH_PATHS = (
					"$(inherited)",
					"@executable_path/Frameworks",
				);
				PRODUCT_BUNDLE_IDENTIFIER = "com.tomoki.-2";
				PRODUCT_NAME = "$(TARGET_NAME)";
				SWIFT_VERSION = 4.2;
				TARGETED_DEVICE_FAMILY = "1,2";
			};
			name = Debug;
		};
		B7E8944121FDC78300CBD539 /* Release */ = {
			isa = XCBuildConfiguration;
			buildSettings = {
				ASSETCATALOG_COMPILER_APPICON_NAME = AppIcon;
				CODE_SIGN_STYLE = Automatic;
				INFOPLIST_FILE = 02/Info.plist;
				LD_RUNPATH_SEARCH_PATHS = (
					"$(inherited)",
					"@executable_path/Frameworks",
				);
				PRODUCT_BUNDLE_IDENTIFIER = "com.tomoki.-2";
				PRODUCT_NAME = "$(TARGET_NAME)";
				SWIFT_VERSION = 4.2;
				TARGETED_DEVICE_FAMILY = "1,2";
			};
			name = Release;
		};
		B7E8944321FDC78300CBD539 /* Debug */ = {
			isa = XCBuildConfiguration;
			buildSettings = {
				ALWAYS_EMBED_SWIFT_STANDARD_LIBRARIES = YES;
				BUNDLE_LOADER = "$(TEST_HOST)";
				CODE_SIGN_STYLE = Automatic;
				INFOPLIST_FILE = 02Tests/Info.plist;
				LD_RUNPATH_SEARCH_PATHS = (
					"$(inherited)",
					"@executable_path/Frameworks",
					"@loader_path/Frameworks",
				);
				PRODUCT_BUNDLE_IDENTIFIER = "com.tomoki.-2Tests";
				PRODUCT_NAME = "$(TARGET_NAME)";
				SWIFT_VERSION = 4.2;
				TARGETED_DEVICE_FAMILY = "1,2";
				TEST_HOST = "$(BUILT_PRODUCTS_DIR)/02.app/02";
			};
			name = Debug;
		};
		B7E8944421FDC78300CBD539 /* Release */ = {
			isa = XCBuildConfiguration;
			buildSettings = {
				ALWAYS_EMBED_SWIFT_STANDARD_LIBRARIES = YES;
				BUNDLE_LOADER = "$(TEST_HOST)";
				CODE_SIGN_STYLE = Automatic;
				INFOPLIST_FILE = 02Tests/Info.plist;
				LD_RUNPATH_SEARCH_PATHS = (
					"$(inherited)",
					"@executable_path/Frameworks",
					"@loader_path/Frameworks",
				);
				PRODUCT_BUNDLE_IDENTIFIER = "com.tomoki.-2Tests";
				PRODUCT_NAME = "$(TARGET_NAME)";
				SWIFT_VERSION = 4.2;
				TARGETED_DEVICE_FAMILY = "1,2";
				TEST_HOST = "$(BUILT_PRODUCTS_DIR)/02.app/02";
			};
			name = Release;
		};
		B7E8944621FDC78300CBD539 /* Debug */ = {
			isa = XCBuildConfiguration;
			buildSettings = {
				ALWAYS_EMBED_SWIFT_STANDARD_LIBRARIES = YES;
				CODE_SIGN_STYLE = Automatic;
				INFOPLIST_FILE = 02UITests/Info.plist;
				LD_RUNPATH_SEARCH_PATHS = (
					"$(inherited)",
					"@executable_path/Frameworks",
					"@loader_path/Frameworks",
				);
				PRODUCT_BUNDLE_IDENTIFIER = "com.tomoki.-2UITests";
				PRODUCT_NAME = "$(TARGET_NAME)";
				SWIFT_VERSION = 4.2;
				TARGETED_DEVICE_FAMILY = "1,2";
				TEST_TARGET_NAME = 02;
			};
			name = Debug;
		};
		B7E8944721FDC78300CBD539 /* Release */ = {
			isa = XCBuildConfiguration;
			buildSettings = {
				ALWAYS_EMBED_SWIFT_STANDARD_LIBRARIES = YES;
				CODE_SIGN_STYLE = Automatic;
				INFOPLIST_FILE = 02UITests/Info.plist;
				LD_RUNPATH_SEARCH_PATHS = (
					"$(inherited)",
					"@executable_path/Frameworks",
					"@loader_path/Frameworks",
				);
				PRODUCT_BUNDLE_IDENTIFIER = "com.tomoki.-2UITests";
				PRODUCT_NAME = "$(TARGET_NAME)";
				SWIFT_VERSION = 4.2;
				TARGETED_DEVICE_FAMILY = "1,2";
				TEST_TARGET_NAME = 02;
			};
			name = Release;
		};
/* End XCBuildConfiguration section */

/* Begin XCConfigurationList section */
		B7E8941221FDC78100CBD539 /* Build configuration list for PBXProject "02" */ = {
			isa = XCConfigurationList;
			buildConfigurations = (
				B7E8943D21FDC78300CBD539 /* Debug */,
				B7E8943E21FDC78300CBD539 /* Release */,
			);
			defaultConfigurationIsVisible = 0;
			defaultConfigurationName = Release;
		};
		B7E8943F21FDC78300CBD539 /* Build configuration list for PBXNativeTarget "02" */ = {
			isa = XCConfigurationList;
			buildConfigurations = (
				B7E8944021FDC78300CBD539 /* Debug */,
				B7E8944121FDC78300CBD539 /* Release */,
			);
			defaultConfigurationIsVisible = 0;
			defaultConfigurationName = Release;
		};
		B7E8944221FDC78300CBD539 /* Build configuration list for PBXNativeTarget "02Tests" */ = {
			isa = XCConfigurationList;
			buildConfigurations = (
				B7E8944321FDC78300CBD539 /* Debug */,
				B7E8944421FDC78300CBD539 /* Release */,
			);
			defaultConfigurationIsVisible = 0;
			defaultConfigurationName = Release;
		};
		B7E8944521FDC78300CBD539 /* Build configuration list for PBXNativeTarget "02UITests" */ = {
			isa = XCConfigurationList;
			buildConfigurations = (
				B7E8944621FDC78300CBD539 /* Debug */,
				B7E8944721FDC78300CBD539 /* Release */,
			);
			defaultConfigurationIsVisible = 0;
			defaultConfigurationName = Release;
		};
/* End XCConfigurationList section */
	};
	rootObject = B7E8940F21FDC78100CBD539 /* Project object */;
}
