// !$*UTF8*$!
{
	archiveVersion = 1;
	classes = {
	};
	objectVersion = 50;
	objects = {

/* Begin PBXBuildFile section */
		2FF28056A6FA9AC013C92F9F /* Pods_59Tests.framework in Frameworks */ = {isa = PBXBuildFile; fileRef = B4963918A66C5E54B6E50DED /* Pods_59Tests.framework */; };
		B72B49E62248EBFA002AA6B1 /* AppDelegate.swift in Sources */ = {isa = PBXBuildFile; fileRef = B72B49E52248EBFA002AA6B1 /* AppDelegate.swift */; };
		B72B49E82248EBFA002AA6B1 /* ViewController.swift in Sources */ = {isa = PBXBuildFile; fileRef = B72B49E72248EBFA002AA6B1 /* ViewController.swift */; };
		B72B49EB2248EBFA002AA6B1 /* Main.storyboard in Resources */ = {isa = PBXBuildFile; fileRef = B72B49E92248EBFA002AA6B1 /* Main.storyboard */; };
		B72B49ED2248EBFC002AA6B1 /* Assets.xcassets in Resources */ = {isa = PBXBuildFile; fileRef = B72B49EC2248EBFC002AA6B1 /* Assets.xcassets */; };
		B72B49F02248EBFC002AA6B1 /* LaunchScreen.storyboard in Resources */ = {isa = PBXBuildFile; fileRef = B72B49EE2248EBFC002AA6B1 /* LaunchScreen.storyboard */; };
		B72B4A1622490B56002AA6B1 /* data.json in Resources */ = {isa = PBXBuildFile; fileRef = B72B4A1522490B55002AA6B1 /* data.json */; };
		B808B831D910F6953C2501D5 /* Pods_59UITests.framework in Frameworks */ = {isa = PBXBuildFile; fileRef = B931F6469904C95A3FCB2981 /* Pods_59UITests.framework */; };
		B8A86053DE76A8BDF6BB9D5A /* Pods_59.framework in Frameworks */ = {isa = PBXBuildFile; fileRef = 4D4E205DE59E30874BE1AA4A /* Pods_59.framework */; };
/* End PBXBuildFile section */

/* Begin PBXContainerItemProxy section */
		B72B49F72248EBFC002AA6B1 /* PBXContainerItemProxy */ = {
			isa = PBXContainerItemProxy;
			containerPortal = B72B49DA2248EBFA002AA6B1 /* Project object */;
			proxyType = 1;
			remoteGlobalIDString = B72B49E12248EBFA002AA6B1;
			remoteInfo = 59;
		};
		B72B4A022248EBFC002AA6B1 /* PBXContainerItemProxy */ = {
			isa = PBXContainerItemProxy;
			containerPortal = B72B49DA2248EBFA002AA6B1 /* Project object */;
			proxyType = 1;
			remoteGlobalIDString = B72B49E12248EBFA002AA6B1;
			remoteInfo = 59;
		};
/* End PBXContainerItemProxy section */

/* Begin PBXFileReference section */
		1673925914A31A1D4EF8C4BF /* Pods-59UITests.debug.xcconfig */ = {isa = PBXFileReference; includeInIndex = 1; lastKnownFileType = text.xcconfig; name = "Pods-59UITests.debug.xcconfig"; path = "Target Support Files/Pods-59UITests/Pods-59UITests.debug.xcconfig"; sourceTree = "<group>"; };
		3A34190AC5EF116A385A6259 /* Pods-59.release.xcconfig */ = {isa = PBXFileReference; includeInIndex = 1; lastKnownFileType = text.xcconfig; name = "Pods-59.release.xcconfig"; path = "Target Support Files/Pods-59/Pods-59.release.xcconfig"; sourceTree = "<group>"; };
		4D4E205DE59E30874BE1AA4A /* Pods_59.framework */ = {isa = PBXFileReference; explicitFileType = wrapper.framework; includeInIndex = 0; path = Pods_59.framework; sourceTree = BUILT_PRODUCTS_DIR; };
		88C7C441DAB46D47DC8DBEB6 /* Pods-59.debug.xcconfig */ = {isa = PBXFileReference; includeInIndex = 1; lastKnownFileType = text.xcconfig; name = "Pods-59.debug.xcconfig"; path = "Target Support Files/Pods-59/Pods-59.debug.xcconfig"; sourceTree = "<group>"; };
		A8EC4DB6EDA71F163F50BA8A /* Pods-59Tests.debug.xcconfig */ = {isa = PBXFileReference; includeInIndex = 1; lastKnownFileType = text.xcconfig; name = "Pods-59Tests.debug.xcconfig"; path = "Target Support Files/Pods-59Tests/Pods-59Tests.debug.xcconfig"; sourceTree = "<group>"; };
		B4963918A66C5E54B6E50DED /* Pods_59Tests.framework */ = {isa = PBXFileReference; explicitFileType = wrapper.framework; includeInIndex = 0; path = Pods_59Tests.framework; sourceTree = BUILT_PRODUCTS_DIR; };
		B7032FEECB766FCDCBF71034 /* Pods-59UITests.release.xcconfig */ = {isa = PBXFileReference; includeInIndex = 1; lastKnownFileType = text.xcconfig; name = "Pods-59UITests.release.xcconfig"; path = "Target Support Files/Pods-59UITests/Pods-59UITests.release.xcconfig"; sourceTree = "<group>"; };
		B72B49E22248EBFA002AA6B1 /* 59.app */ = {isa = PBXFileReference; explicitFileType = wrapper.application; includeInIndex = 0; path = 59.app; sourceTree = BUILT_PRODUCTS_DIR; };
		B72B49E52248EBFA002AA6B1 /* AppDelegate.swift */ = {isa = PBXFileReference; lastKnownFileType = sourcecode.swift; path = AppDelegate.swift; sourceTree = "<group>"; };
		B72B49E72248EBFA002AA6B1 /* ViewController.swift */ = {isa = PBXFileReference; lastKnownFileType = sourcecode.swift; path = ViewController.swift; sourceTree = "<group>"; };
		B72B49EA2248EBFA002AA6B1 /* Base */ = {isa = PBXFileReference; lastKnownFileType = file.storyboard; name = Base; path = Base.lproj/Main.storyboard; sourceTree = "<group>"; };
		B72B49EC2248EBFC002AA6B1 /* Assets.xcassets */ = {isa = PBXFileReference; lastKnownFileType = folder.assetcatalog; path = Assets.xcassets; sourceTree = "<group>"; };
		B72B49EF2248EBFC002AA6B1 /* Base */ = {isa = PBXFileReference; lastKnownFileType = file.storyboard; name = Base; path = Base.lproj/LaunchScreen.storyboard; sourceTree = "<group>"; };
		B72B49F12248EBFC002AA6B1 /* Info.plist */ = {isa = PBXFileReference; lastKnownFileType = text.plist.xml; path = Info.plist; sourceTree = "<group>"; };
		B72B49F62248EBFC002AA6B1 /* 59Tests.xctest */ = {isa = PBXFileReference; explicitFileType = wrapper.cfbundle; includeInIndex = 0; path = 59Tests.xctest; sourceTree = BUILT_PRODUCTS_DIR; };
		B72B4A012248EBFC002AA6B1 /* 59UITests.xctest */ = {isa = PBXFileReference; explicitFileType = wrapper.cfbundle; includeInIndex = 0; path = 59UITests.xctest; sourceTree = BUILT_PRODUCTS_DIR; };
		B72B4A1522490B55002AA6B1 /* data.json */ = {isa = PBXFileReference; fileEncoding = 4; lastKnownFileType = text.json; path = data.json; sourceTree = "<group>"; };
		B931F6469904C95A3FCB2981 /* Pods_59UITests.framework */ = {isa = PBXFileReference; explicitFileType = wrapper.framework; includeInIndex = 0; path = Pods_59UITests.framework; sourceTree = BUILT_PRODUCTS_DIR; };
		C6913C3F27E3D52A96A13005 /* Pods-59Tests.release.xcconfig */ = {isa = PBXFileReference; includeInIndex = 1; lastKnownFileType = text.xcconfig; name = "Pods-59Tests.release.xcconfig"; path = "Target Support Files/Pods-59Tests/Pods-59Tests.release.xcconfig"; sourceTree = "<group>"; };
/* End PBXFileReference section */

/* Begin PBXFrameworksBuildPhase section */
		B72B49DF2248EBFA002AA6B1 /* Frameworks */ = {
			isa = PBXFrameworksBuildPhase;
			buildActionMask = 2147483647;
			files = (
				B8A86053DE76A8BDF6BB9D5A /* Pods_59.framework in Frameworks */,
			);
			runOnlyForDeploymentPostprocessing = 0;
		};
		B72B49F32248EBFC002AA6B1 /* Frameworks */ = {
			isa = PBXFrameworksBuildPhase;
			buildActionMask = 2147483647;
			files = (
				2FF28056A6FA9AC013C92F9F /* Pods_59Tests.framework in Frameworks */,
			);
			runOnlyForDeploymentPostprocessing = 0;
		};
		B72B49FE2248EBFC002AA6B1 /* Frameworks */ = {
			isa = PBXFrameworksBuildPhase;
			buildActionMask = 2147483647;
			files = (
				B808B831D910F6953C2501D5 /* Pods_59UITests.framework in Frameworks */,
			);
			runOnlyForDeploymentPostprocessing = 0;
		};
/* End PBXFrameworksBuildPhase section */

/* Begin PBXGroup section */
		407CB5D52321313E5E706A89 /* Pods */ = {
			isa = PBXGroup;
			children = (
				88C7C441DAB46D47DC8DBEB6 /* Pods-59.debug.xcconfig */,
				3A34190AC5EF116A385A6259 /* Pods-59.release.xcconfig */,
				A8EC4DB6EDA71F163F50BA8A /* Pods-59Tests.debug.xcconfig */,
				C6913C3F27E3D52A96A13005 /* Pods-59Tests.release.xcconfig */,
				1673925914A31A1D4EF8C4BF /* Pods-59UITests.debug.xcconfig */,
				B7032FEECB766FCDCBF71034 /* Pods-59UITests.release.xcconfig */,
			);
			path = Pods;
			sourceTree = "<group>";
		};
		B72B49D92248EBFA002AA6B1 = {
			isa = PBXGroup;
			children = (
				B72B49E42248EBFA002AA6B1 /* 59 */,
				B72B49E32248EBFA002AA6B1 /* Products */,
				407CB5D52321313E5E706A89 /* Pods */,
				E869D2F7354768354FD2DAD0 /* Frameworks */,
			);
			sourceTree = "<group>";
		};
		B72B49E32248EBFA002AA6B1 /* Products */ = {
			isa = PBXGroup;
			children = (
				B72B49E22248EBFA002AA6B1 /* 59.app */,
				B72B49F62248EBFC002AA6B1 /* 59Tests.xctest */,
				B72B4A012248EBFC002AA6B1 /* 59UITests.xctest */,
			);
			name = Products;
			sourceTree = "<group>";
		};
		B72B49E42248EBFA002AA6B1 /* 59 */ = {
			isa = PBXGroup;
			children = (
				B72B49E52248EBFA002AA6B1 /* AppDelegate.swift */,
				B72B49E72248EBFA002AA6B1 /* ViewController.swift */,
				B72B49E92248EBFA002AA6B1 /* Main.storyboard */,
				B72B4A1522490B55002AA6B1 /* data.json */,
				B72B49EC2248EBFC002AA6B1 /* Assets.xcassets */,
				B72B49EE2248EBFC002AA6B1 /* LaunchScreen.storyboard */,
				B72B49F12248EBFC002AA6B1 /* Info.plist */,
			);
			path = 59;
			sourceTree = "<group>";
		};
		E869D2F7354768354FD2DAD0 /* Frameworks */ = {
			isa = PBXGroup;
			children = (
				4D4E205DE59E30874BE1AA4A /* Pods_59.framework */,
				B4963918A66C5E54B6E50DED /* Pods_59Tests.framework */,
				B931F6469904C95A3FCB2981 /* Pods_59UITests.framework */,
			);
			name = Frameworks;
			sourceTree = "<group>";
		};
/* End PBXGroup section */

/* Begin PBXNativeTarget section */
		B72B49E12248EBFA002AA6B1 /* 59 */ = {
			isa = PBXNativeTarget;
			buildConfigurationList = B72B4A0A2248EBFC002AA6B1 /* Build configuration list for PBXNativeTarget "59" */;
			buildPhases = (
				35D82F3C3795633D854DDE41 /* [CP] Check Pods Manifest.lock */,
				B72B49DE2248EBFA002AA6B1 /* Sources */,
				B72B49DF2248EBFA002AA6B1 /* Frameworks */,
				B72B49E02248EBFA002AA6B1 /* Resources */,
				A02DF32237F96F8D8A1B61F9 /* [CP] Embed Pods Frameworks */,
			);
			buildRules = (
			);
			dependencies = (
			);
			name = 59;
			productName = 59;
			productReference = B72B49E22248EBFA002AA6B1 /* 59.app */;
			productType = "com.apple.product-type.application";
		};
		B72B49F52248EBFC002AA6B1 /* 59Tests */ = {
			isa = PBXNativeTarget;
			buildConfigurationList = B72B4A0D2248EBFC002AA6B1 /* Build configuration list for PBXNativeTarget "59Tests" */;
			buildPhases = (
				FA28B13316423FA7B2C53545 /* [CP] Check Pods Manifest.lock */,
				B72B49F22248EBFC002AA6B1 /* Sources */,
				B72B49F32248EBFC002AA6B1 /* Frameworks */,
				B72B49F42248EBFC002AA6B1 /* Resources */,
			);
			buildRules = (
			);
			dependencies = (
				B72B49F82248EBFC002AA6B1 /* PBXTargetDependency */,
			);
			name = 59Tests;
			productName = 59Tests;
			productReference = B72B49F62248EBFC002AA6B1 /* 59Tests.xctest */;
			productType = "com.apple.product-type.bundle.unit-test";
		};
		B72B4A002248EBFC002AA6B1 /* 59UITests */ = {
			isa = PBXNativeTarget;
			buildConfigurationList = B72B4A102248EBFC002AA6B1 /* Build configuration list for PBXNativeTarget "59UITests" */;
			buildPhases = (
				4BA28C154E0A267C20CE3469 /* [CP] Check Pods Manifest.lock */,
				B72B49FD2248EBFC002AA6B1 /* Sources */,
				B72B49FE2248EBFC002AA6B1 /* Frameworks */,
				B72B49FF2248EBFC002AA6B1 /* Resources */,
			);
			buildRules = (
			);
			dependencies = (
				B72B4A032248EBFC002AA6B1 /* PBXTargetDependency */,
			);
			name = 59UITests;
			productName = 59UITests;
			productReference = B72B4A012248EBFC002AA6B1 /* 59UITests.xctest */;
			productType = "com.apple.product-type.bundle.ui-testing";
		};
/* End PBXNativeTarget section */

/* Begin PBXProject section */
		B72B49DA2248EBFA002AA6B1 /* Project object */ = {
			isa = PBXProject;
			attributes = {
				LastSwiftUpdateCheck = 1010;
				LastUpgradeCheck = 1010;
				ORGANIZATIONNAME = tomoki;
				TargetAttributes = {
					B72B49E12248EBFA002AA6B1 = {
						CreatedOnToolsVersion = 10.1;
					};
					B72B49F52248EBFC002AA6B1 = {
						CreatedOnToolsVersion = 10.1;
						TestTargetID = B72B49E12248EBFA002AA6B1;
					};
					B72B4A002248EBFC002AA6B1 = {
						CreatedOnToolsVersion = 10.1;
						TestTargetID = B72B49E12248EBFA002AA6B1;
					};
				};
			};
			buildConfigurationList = B72B49DD2248EBFA002AA6B1 /* Build configuration list for PBXProject "59" */;
			compatibilityVersion = "Xcode 9.3";
			developmentRegion = en;
			hasScannedForEncodings = 0;
			knownRegions = (
				en,
				Base,
			);
			mainGroup = B72B49D92248EBFA002AA6B1;
			productRefGroup = B72B49E32248EBFA002AA6B1 /* Products */;
			projectDirPath = "";
			projectRoot = "";
			targets = (
				B72B49E12248EBFA002AA6B1 /* 59 */,
				B72B49F52248EBFC002AA6B1 /* 59Tests */,
				B72B4A002248EBFC002AA6B1 /* 59UITests */,
			);
		};
/* End PBXProject section */

/* Begin PBXResourcesBuildPhase section */
		B72B49E02248EBFA002AA6B1 /* Resources */ = {
			isa = PBXResourcesBuildPhase;
			buildActionMask = 2147483647;
			files = (
				B72B49F02248EBFC002AA6B1 /* LaunchScreen.storyboard in Resources */,
				B72B49ED2248EBFC002AA6B1 /* Assets.xcassets in Resources */,
				B72B49EB2248EBFA002AA6B1 /* Main.storyboard in Resources */,
				B72B4A1622490B56002AA6B1 /* data.json in Resources */,
			);
			runOnlyForDeploymentPostprocessing = 0;
		};
		B72B49F42248EBFC002AA6B1 /* Resources */ = {
			isa = PBXResourcesBuildPhase;
			buildActionMask = 2147483647;
			files = (
			);
			runOnlyForDeploymentPostprocessing = 0;
		};
		B72B49FF2248EBFC002AA6B1 /* Resources */ = {
			isa = PBXResourcesBuildPhase;
			buildActionMask = 2147483647;
			files = (
			);
			runOnlyForDeploymentPostprocessing = 0;
		};
/* End PBXResourcesBuildPhase section */

/* Begin PBXShellScriptBuildPhase section */
		35D82F3C3795633D854DDE41 /* [CP] Check Pods Manifest.lock */ = {
			isa = PBXShellScriptBuildPhase;
			buildActionMask = 2147483647;
			files = (
			);
			inputFileListPaths = (
			);
			inputPaths = (
				"${PODS_PODFILE_DIR_PATH}/Podfile.lock",
				"${PODS_ROOT}/Manifest.lock",
			);
			name = "[CP] Check Pods Manifest.lock";
			outputFileListPaths = (
			);
			outputPaths = (
				"$(DERIVED_FILE_DIR)/Pods-59-checkManifestLockResult.txt",
			);
			runOnlyForDeploymentPostprocessing = 0;
			shellPath = /bin/sh;
			shellScript = "diff \"${PODS_PODFILE_DIR_PATH}/Podfile.lock\" \"${PODS_ROOT}/Manifest.lock\" > /dev/null\nif [ $? != 0 ] ; then\n    # print error to STDERR\n    echo \"error: The sandbox is not in sync with the Podfile.lock. Run 'pod install' or update your CocoaPods installation.\" >&2\n    exit 1\nfi\n# This output is used by Xcode 'outputs' to avoid re-running this script phase.\necho \"SUCCESS\" > \"${SCRIPT_OUTPUT_FILE_0}\"\n";
			showEnvVarsInLog = 0;
		};
		4BA28C154E0A267C20CE3469 /* [CP] Check Pods Manifest.lock */ = {
			isa = PBXShellScriptBuildPhase;
			buildActionMask = 2147483647;
			files = (
			);
			inputFileListPaths = (
			);
			inputPaths = (
				"${PODS_PODFILE_DIR_PATH}/Podfile.lock",
				"${PODS_ROOT}/Manifest.lock",
			);
			name = "[CP] Check Pods Manifest.lock";
			outputFileListPaths = (
			);
			outputPaths = (
				"$(DERIVED_FILE_DIR)/Pods-59UITests-checkManifestLockResult.txt",
			);
			runOnlyForDeploymentPostprocessing = 0;
			shellPath = /bin/sh;
			shellScript = "diff \"${PODS_PODFILE_DIR_PATH}/Podfile.lock\" \"${PODS_ROOT}/Manifest.lock\" > /dev/null\nif [ $? != 0 ] ; then\n    # print error to STDERR\n    echo \"error: The sandbox is not in sync with the Podfile.lock. Run 'pod install' or update your CocoaPods installation.\" >&2\n    exit 1\nfi\n# This output is used by Xcode 'outputs' to avoid re-running this script phase.\necho \"SUCCESS\" > \"${SCRIPT_OUTPUT_FILE_0}\"\n";
			showEnvVarsInLog = 0;
		};
		A02DF32237F96F8D8A1B61F9 /* [CP] Embed Pods Frameworks */ = {
			isa = PBXShellScriptBuildPhase;
			buildActionMask = 2147483647;
			files = (
			);
			inputFileListPaths = (
			);
			inputPaths = (
				"${PODS_ROOT}/Target Support Files/Pods-59/Pods-59-frameworks.sh",
				"${BUILT_PRODUCTS_DIR}/lottie-ios/Lottie.framework",
			);
			name = "[CP] Embed Pods Frameworks";
			outputFileListPaths = (
			);
			outputPaths = (
				"${TARGET_BUILD_DIR}/${FRAMEWORKS_FOLDER_PATH}/Lottie.framework",
			);
			runOnlyForDeploymentPostprocessing = 0;
			shellPath = /bin/sh;
			shellScript = "\"${PODS_ROOT}/Target Support Files/Pods-59/Pods-59-frameworks.sh\"\n";
			showEnvVarsInLog = 0;
		};
		FA28B13316423FA7B2C53545 /* [CP] Check Pods Manifest.lock */ = {
			isa = PBXShellScriptBuildPhase;
			buildActionMask = 2147483647;
			files = (
			);
			inputFileListPaths = (
			);
			inputPaths = (
				"${PODS_PODFILE_DIR_PATH}/Podfile.lock",
				"${PODS_ROOT}/Manifest.lock",
			);
			name = "[CP] Check Pods Manifest.lock";
			outputFileListPaths = (
			);
			outputPaths = (
				"$(DERIVED_FILE_DIR)/Pods-59Tests-checkManifestLockResult.txt",
			);
			runOnlyForDeploymentPostprocessing = 0;
			shellPath = /bin/sh;
			shellScript = "diff \"${PODS_PODFILE_DIR_PATH}/Podfile.lock\" \"${PODS_ROOT}/Manifest.lock\" > /dev/null\nif [ $? != 0 ] ; then\n    # print error to STDERR\n    echo \"error: The sandbox is not in sync with the Podfile.lock. Run 'pod install' or update your CocoaPods installation.\" >&2\n    exit 1\nfi\n# This output is used by Xcode 'outputs' to avoid re-running this script phase.\necho \"SUCCESS\" > \"${SCRIPT_OUTPUT_FILE_0}\"\n";
			showEnvVarsInLog = 0;
		};
/* End PBXShellScriptBuildPhase section */

/* Begin PBXSourcesBuildPhase section */
		B72B49DE2248EBFA002AA6B1 /* Sources */ = {
			isa = PBXSourcesBuildPhase;
			buildActionMask = 2147483647;
			files = (
				B72B49E82248EBFA002AA6B1 /* ViewController.swift in Sources */,
				B72B49E62248EBFA002AA6B1 /* AppDelegate.swift in Sources */,
			);
			runOnlyForDeploymentPostprocessing = 0;
		};
		B72B49F22248EBFC002AA6B1 /* Sources */ = {
			isa = PBXSourcesBuildPhase;
			buildActionMask = 2147483647;
			files = (
			);
			runOnlyForDeploymentPostprocessing = 0;
		};
		B72B49FD2248EBFC002AA6B1 /* Sources */ = {
			isa = PBXSourcesBuildPhase;
			buildActionMask = 2147483647;
			files = (
			);
			runOnlyForDeploymentPostprocessing = 0;
		};
/* End PBXSourcesBuildPhase section */

/* Begin PBXTargetDependency section */
		B72B49F82248EBFC002AA6B1 /* PBXTargetDependency */ = {
			isa = PBXTargetDependency;
			target = B72B49E12248EBFA002AA6B1 /* 59 */;
			targetProxy = B72B49F72248EBFC002AA6B1 /* PBXContainerItemProxy */;
		};
		B72B4A032248EBFC002AA6B1 /* PBXTargetDependency */ = {
			isa = PBXTargetDependency;
			target = B72B49E12248EBFA002AA6B1 /* 59 */;
			targetProxy = B72B4A022248EBFC002AA6B1 /* PBXContainerItemProxy */;
		};
/* End PBXTargetDependency section */

/* Begin PBXVariantGroup section */
		B72B49E92248EBFA002AA6B1 /* Main.storyboard */ = {
			isa = PBXVariantGroup;
			children = (
				B72B49EA2248EBFA002AA6B1 /* Base */,
			);
			name = Main.storyboard;
			sourceTree = "<group>";
		};
		B72B49EE2248EBFC002AA6B1 /* LaunchScreen.storyboard */ = {
			isa = PBXVariantGroup;
			children = (
				B72B49EF2248EBFC002AA6B1 /* Base */,
			);
			name = LaunchScreen.storyboard;
			sourceTree = "<group>";
		};
/* End PBXVariantGroup section */

/* Begin XCBuildConfiguration section */
		B72B4A082248EBFC002AA6B1 /* Debug */ = {
			isa = XCBuildConfiguration;
			buildSettings = {
				ALWAYS_SEARCH_USER_PATHS = NO;
				CLANG_ANALYZER_NONNULL = YES;
				CLANG_ANALYZER_NUMBER_OBJECT_CONVERSION = YES_AGGRESSIVE;
				CLANG_CXX_LANGUAGE_STANDARD = "gnu++14";
				CLANG_CXX_LIBRARY = "libc++";
				CLANG_ENABLE_MODULES = YES;
				CLANG_ENABLE_OBJC_ARC = YES;
				CLANG_ENABLE_OBJC_WEAK = YES;
				CLANG_WARN_BLOCK_CAPTURE_AUTORELEASING = YES;
				CLANG_WARN_BOOL_CONVERSION = YES;
				CLANG_WARN_COMMA = YES;
				CLANG_WARN_CONSTANT_CONVERSION = YES;
				CLANG_WARN_DEPRECATED_OBJC_IMPLEMENTATIONS = YES;
				CLANG_WARN_DIRECT_OBJC_ISA_USAGE = YES_ERROR;
				CLANG_WARN_DOCUMENTATION_COMMENTS = YES;
				CLANG_WARN_EMPTY_BODY = YES;
				CLANG_WARN_ENUM_CONVERSION = YES;
				CLANG_WARN_INFINITE_RECURSION = YES;
				CLANG_WARN_INT_CONVERSION = YES;
				CLANG_WARN_NON_LITERAL_NULL_CONVERSION = YES;
				CLANG_WARN_OBJC_IMPLICIT_RETAIN_SELF = YES;
				CLANG_WARN_OBJC_LITERAL_CONVERSION = YES;
				CLANG_WARN_OBJC_ROOT_CLASS = YES_ERROR;
				CLANG_WARN_RANGE_LOOP_ANALYSIS = YES;
				CLANG_WARN_STRICT_PROTOTYPES = YES;
				CLANG_WARN_SUSPICIOUS_MOVE = YES;
				CLANG_WARN_UNGUARDED_AVAILABILITY = YES_AGGRESSIVE;
				CLANG_WARN_UNREACHABLE_CODE = YES;
				CLANG_WARN__DUPLICATE_METHOD_MATCH = YES;
				CODE_SIGN_IDENTITY = "iPhone Developer";
				COPY_PHASE_STRIP = NO;
				DEBUG_INFORMATION_FORMAT = dwarf;
				ENABLE_STRICT_OBJC_MSGSEND = YES;
				ENABLE_TESTABILITY = YES;
				GCC_C_LANGUAGE_STANDARD = gnu11;
				GCC_DYNAMIC_NO_PIC = NO;
				GCC_NO_COMMON_BLOCKS = YES;
				GCC_OPTIMIZATION_LEVEL = 0;
				GCC_PREPROCESSOR_DEFINITIONS = (
					"DEBUG=1",
					"$(inherited)",
				);
				GCC_WARN_64_TO_32_BIT_CONVERSION = YES;
				GCC_WARN_ABOUT_RETURN_TYPE = YES_ERROR;
				GCC_WARN_UNDECLARED_SELECTOR = YES;
				GCC_WARN_UNINITIALIZED_AUTOS = YES_AGGRESSIVE;
				GCC_WARN_UNUSED_FUNCTION = YES;
				GCC_WARN_UNUSED_VARIABLE = YES;
				IPHONEOS_DEPLOYMENT_TARGET = 12.1;
				MTL_ENABLE_DEBUG_INFO = INCLUDE_SOURCE;
				MTL_FAST_MATH = YES;
				ONLY_ACTIVE_ARCH = YES;
				SDKROOT = iphoneos;
				SWIFT_ACTIVE_COMPILATION_CONDITIONS = DEBUG;
				SWIFT_OPTIMIZATION_LEVEL = "-Onone";
			};
			name = Debug;
		};
		B72B4A092248EBFC002AA6B1 /* Release */ = {
			isa = XCBuildConfiguration;
			buildSettings = {
				ALWAYS_SEARCH_USER_PATHS = NO;
				CLANG_ANALYZER_NONNULL = YES;
				CLANG_ANALYZER_NUMBER_OBJECT_CONVERSION = YES_AGGRESSIVE;
				CLANG_CXX_LANGUAGE_STANDARD = "gnu++14";
				CLANG_CXX_LIBRARY = "libc++";
				CLANG_ENABLE_MODULES = YES;
				CLANG_ENABLE_OBJC_ARC = YES;
				CLANG_ENABLE_OBJC_WEAK = YES;
				CLANG_WARN_BLOCK_CAPTURE_AUTORELEASING = YES;
				CLANG_WARN_BOOL_CONVERSION = YES;
				CLANG_WARN_COMMA = YES;
				CLANG_WARN_CONSTANT_CONVERSION = YES;
				CLANG_WARN_DEPRECATED_OBJC_IMPLEMENTATIONS = YES;
				CLANG_WARN_DIRECT_OBJC_ISA_USAGE = YES_ERROR;
				CLANG_WARN_DOCUMENTATION_COMMENTS = YES;
				CLANG_WARN_EMPTY_BODY = YES;
				CLANG_WARN_ENUM_CONVERSION = YES;
				CLANG_WARN_INFINITE_RECURSION = YES;
				CLANG_WARN_INT_CONVERSION = YES;
				CLANG_WARN_NON_LITERAL_NULL_CONVERSION = YES;
				CLANG_WARN_OBJC_IMPLICIT_RETAIN_SELF = YES;
				CLANG_WARN_OBJC_LITERAL_CONVERSION = YES;
				CLANG_WARN_OBJC_ROOT_CLASS = YES_ERROR;
				CLANG_WARN_RANGE_LOOP_ANALYSIS = YES;
				CLANG_WARN_STRICT_PROTOTYPES = YES;
				CLANG_WARN_SUSPICIOUS_MOVE = YES;
				CLANG_WARN_UNGUARDED_AVAILABILITY = YES_AGGRESSIVE;
				CLANG_WARN_UNREACHABLE_CODE = YES;
				CLANG_WARN__DUPLICATE_METHOD_MATCH = YES;
				CODE_SIGN_IDENTITY = "iPhone Developer";
				COPY_PHASE_STRIP = NO;
				DEBUG_INFORMATION_FORMAT = "dwarf-with-dsym";
				ENABLE_NS_ASSERTIONS = NO;
				ENABLE_STRICT_OBJC_MSGSEND = YES;
				GCC_C_LANGUAGE_STANDARD = gnu11;
				GCC_NO_COMMON_BLOCKS = YES;
				GCC_WARN_64_TO_32_BIT_CONVERSION = YES;
				GCC_WARN_ABOUT_RETURN_TYPE = YES_ERROR;
				GCC_WARN_UNDECLARED_SELECTOR = YES;
				GCC_WARN_UNINITIALIZED_AUTOS = YES_AGGRESSIVE;
				GCC_WARN_UNUSED_FUNCTION = YES;
				GCC_WARN_UNUSED_VARIABLE = YES;
				IPHONEOS_DEPLOYMENT_TARGET = 12.1;
				MTL_ENABLE_DEBUG_INFO = NO;
				MTL_FAST_MATH = YES;
				SDKROOT = iphoneos;
				SWIFT_COMPILATION_MODE = wholemodule;
				SWIFT_OPTIMIZATION_LEVEL = "-O";
				VALIDATE_PRODUCT = YES;
			};
			name = Release;
		};
		B72B4A0B2248EBFC002AA6B1 /* Debug */ = {
			isa = XCBuildConfiguration;
			baseConfigurationReference = 88C7C441DAB46D47DC8DBEB6 /* Pods-59.debug.xcconfig */;
			buildSettings = {
				ASSETCATALOG_COMPILER_APPICON_NAME = AppIcon;
				CODE_SIGN_STYLE = Automatic;
				INFOPLIST_FILE = 59/Info.plist;
				LD_RUNPATH_SEARCH_PATHS = (
					"$(inherited)",
					"@executable_path/Frameworks",
				);
				PRODUCT_BUNDLE_IDENTIFIER = "com.tomoki.-9";
				PRODUCT_NAME = "$(TARGET_NAME)";
				SWIFT_VERSION = 4.2;
				TARGETED_DEVICE_FAMILY = "1,2";
			};
			name = Debug;
		};
		B72B4A0C2248EBFC002AA6B1 /* Release */ = {
			isa = XCBuildConfiguration;
			baseConfigurationReference = 3A34190AC5EF116A385A6259 /* Pods-59.release.xcconfig */;
			buildSettings = {
				ASSETCATALOG_COMPILER_APPICON_NAME = AppIcon;
				CODE_SIGN_STYLE = Automatic;
				INFOPLIST_FILE = 59/Info.plist;
				LD_RUNPATH_SEARCH_PATHS = (
					"$(inherited)",
					"@executable_path/Frameworks",
				);
				PRODUCT_BUNDLE_IDENTIFIER = "com.tomoki.-9";
				PRODUCT_NAME = "$(TARGET_NAME)";
				SWIFT_VERSION = 4.2;
				TARGETED_DEVICE_FAMILY = "1,2";
			};
			name = Release;
		};
		B72B4A0E2248EBFC002AA6B1 /* Debug */ = {
			isa = XCBuildConfiguration;
			baseConfigurationReference = A8EC4DB6EDA71F163F50BA8A /* Pods-59Tests.debug.xcconfig */;
			buildSettings = {
				ALWAYS_EMBED_SWIFT_STANDARD_LIBRARIES = YES;
				BUNDLE_LOADER = "$(TEST_HOST)";
				CODE_SIGN_STYLE = Automatic;
				INFOPLIST_FILE = 59Tests/Info.plist;
				LD_RUNPATH_SEARCH_PATHS = (
					"$(inherited)",
					"@executable_path/Frameworks",
					"@loader_path/Frameworks",
				);
				PRODUCT_BUNDLE_IDENTIFIER = "com.tomoki.-9Tests";
				PRODUCT_NAME = "$(TARGET_NAME)";
				SWIFT_VERSION = 4.2;
				TARGETED_DEVICE_FAMILY = "1,2";
				TEST_HOST = "$(BUILT_PRODUCTS_DIR)/59.app/59";
			};
			name = Debug;
		};
		B72B4A0F2248EBFC002AA6B1 /* Release */ = {
			isa = XCBuildConfiguration;
			baseConfigurationReference = C6913C3F27E3D52A96A13005 /* Pods-59Tests.release.xcconfig */;
			buildSettings = {
				ALWAYS_EMBED_SWIFT_STANDARD_LIBRARIES = YES;
				BUNDLE_LOADER = "$(TEST_HOST)";
				CODE_SIGN_STYLE = Automatic;
				INFOPLIST_FILE = 59Tests/Info.plist;
				LD_RUNPATH_SEARCH_PATHS = (
					"$(inherited)",
					"@executable_path/Frameworks",
					"@loader_path/Frameworks",
				);
				PRODUCT_BUNDLE_IDENTIFIER = "com.tomoki.-9Tests";
				PRODUCT_NAME = "$(TARGET_NAME)";
				SWIFT_VERSION = 4.2;
				TARGETED_DEVICE_FAMILY = "1,2";
				TEST_HOST = "$(BUILT_PRODUCTS_DIR)/59.app/59";
			};
			name = Release;
		};
		B72B4A112248EBFC002AA6B1 /* Debug */ = {
			isa = XCBuildConfiguration;
			baseConfigurationReference = 1673925914A31A1D4EF8C4BF /* Pods-59UITests.debug.xcconfig */;
			buildSettings = {
				ALWAYS_EMBED_SWIFT_STANDARD_LIBRARIES = YES;
				CODE_SIGN_STYLE = Automatic;
				INFOPLIST_FILE = 59UITests/Info.plist;
				LD_RUNPATH_SEARCH_PATHS = (
					"$(inherited)",
					"@executable_path/Frameworks",
					"@loader_path/Frameworks",
				);
				PRODUCT_BUNDLE_IDENTIFIER = "com.tomoki.-9UITests";
				PRODUCT_NAME = "$(TARGET_NAME)";
				SWIFT_VERSION = 4.2;
				TARGETED_DEVICE_FAMILY = "1,2";
				TEST_TARGET_NAME = 59;
			};
			name = Debug;
		};
		B72B4A122248EBFC002AA6B1 /* Release */ = {
			isa = XCBuildConfiguration;
			baseConfigurationReference = B7032FEECB766FCDCBF71034 /* Pods-59UITests.release.xcconfig */;
			buildSettings = {
				ALWAYS_EMBED_SWIFT_STANDARD_LIBRARIES = YES;
				CODE_SIGN_STYLE = Automatic;
				INFOPLIST_FILE = 59UITests/Info.plist;
				LD_RUNPATH_SEARCH_PATHS = (
					"$(inherited)",
					"@executable_path/Frameworks",
					"@loader_path/Frameworks",
				);
				PRODUCT_BUNDLE_IDENTIFIER = "com.tomoki.-9UITests";
				PRODUCT_NAME = "$(TARGET_NAME)";
				SWIFT_VERSION = 4.2;
				TARGETED_DEVICE_FAMILY = "1,2";
				TEST_TARGET_NAME = 59;
			};
			name = Release;
		};
/* End XCBuildConfiguration section */

/* Begin XCConfigurationList section */
		B72B49DD2248EBFA002AA6B1 /* Build configuration list for PBXProject "59" */ = {
			isa = XCConfigurationList;
			buildConfigurations = (
				B72B4A082248EBFC002AA6B1 /* Debug */,
				B72B4A092248EBFC002AA6B1 /* Release */,
			);
			defaultConfigurationIsVisible = 0;
			defaultConfigurationName = Release;
		};
		B72B4A0A2248EBFC002AA6B1 /* Build configuration list for PBXNativeTarget "59" */ = {
			isa = XCConfigurationList;
			buildConfigurations = (
				B72B4A0B2248EBFC002AA6B1 /* Debug */,
				B72B4A0C2248EBFC002AA6B1 /* Release */,
			);
			defaultConfigurationIsVisible = 0;
			defaultConfigurationName = Release;
		};
		B72B4A0D2248EBFC002AA6B1 /* Build configuration list for PBXNativeTarget "59Tests" */ = {
			isa = XCConfigurationList;
			buildConfigurations = (
				B72B4A0E2248EBFC002AA6B1 /* Debug */,
				B72B4A0F2248EBFC002AA6B1 /* Release */,
			);
			defaultConfigurationIsVisible = 0;
			defaultConfigurationName = Release;
		};
		B72B4A102248EBFC002AA6B1 /* Build configuration list for PBXNativeTarget "59UITests" */ = {
			isa = XCConfigurationList;
			buildConfigurations = (
				B72B4A112248EBFC002AA6B1 /* Debug */,
				B72B4A122248EBFC002AA6B1 /* Release */,
			);
			defaultConfigurationIsVisible = 0;
			defaultConfigurationName = Release;
		};
/* End XCConfigurationList section */
	};
	rootObject = B72B49DA2248EBFA002AA6B1 /* Project object */;
}
