// !$*UTF8*$!
{
	archiveVersion = 1;
	classes = {
	};
	objectVersion = 50;
	objects = {

/* Begin PBXBuildFile section */
		B739EF8222090B2B004753BF /* AppDelegate.swift in Sources */ = {isa = PBXBuildFile; fileRef = B739EF8122090B2B004753BF /* AppDelegate.swift */; };
		B739EF8422090B2B004753BF /* ViewController.swift in Sources */ = {isa = PBXBuildFile; fileRef = B739EF8322090B2B004753BF /* ViewController.swift */; };
		B739EF8722090B2B004753BF /* Main.storyboard in Resources */ = {isa = PBXBuildFile; fileRef = B739EF8522090B2B004753BF /* Main.storyboard */; };
		B739EF8922090B2F004753BF /* Assets.xcassets in Resources */ = {isa = PBXBuildFile; fileRef = B739EF8822090B2F004753BF /* Assets.xcassets */; };
		B739EF8C22090B2F004753BF /* LaunchScreen.storyboard in Resources */ = {isa = PBXBuildFile; fileRef = B739EF8A22090B2F004753BF /* LaunchScreen.storyboard */; };
		B739EF9722090B2F004753BF /* _1Tests.swift in Sources */ = {isa = PBXBuildFile; fileRef = B739EF9622090B2F004753BF /* _1Tests.swift */; };
		B739EFA222090B2F004753BF /* _1UITests.swift in Sources */ = {isa = PBXBuildFile; fileRef = B739EFA122090B2F004753BF /* _1UITests.swift */; };
/* End PBXBuildFile section */

/* Begin PBXContainerItemProxy section */
		B739EF9322090B2F004753BF /* PBXContainerItemProxy */ = {
			isa = PBXContainerItemProxy;
			containerPortal = B739EF7622090B2B004753BF /* Project object */;
			proxyType = 1;
			remoteGlobalIDString = B739EF7D22090B2B004753BF;
			remoteInfo = 11;
		};
		B739EF9E22090B2F004753BF /* PBXContainerItemProxy */ = {
			isa = PBXContainerItemProxy;
			containerPortal = B739EF7622090B2B004753BF /* Project object */;
			proxyType = 1;
			remoteGlobalIDString = B739EF7D22090B2B004753BF;
			remoteInfo = 11;
		};
/* End PBXContainerItemProxy section */

/* Begin PBXFileReference section */
		B739EF7E22090B2B004753BF /* 11.app */ = {isa = PBXFileReference; explicitFileType = wrapper.application; includeInIndex = 0; path = 11.app; sourceTree = BUILT_PRODUCTS_DIR; };
		B739EF8122090B2B004753BF /* AppDelegate.swift */ = {isa = PBXFileReference; lastKnownFileType = sourcecode.swift; path = AppDelegate.swift; sourceTree = "<group>"; };
		B739EF8322090B2B004753BF /* ViewController.swift */ = {isa = PBXFileReference; lastKnownFileType = sourcecode.swift; path = ViewController.swift; sourceTree = "<group>"; };
		B739EF8622090B2B004753BF /* Base */ = {isa = PBXFileReference; lastKnownFileType = file.storyboard; name = Base; path = Base.lproj/Main.storyboard; sourceTree = "<group>"; };
		B739EF8822090B2F004753BF /* Assets.xcassets */ = {isa = PBXFileReference; lastKnownFileType = folder.assetcatalog; path = Assets.xcassets; sourceTree = "<group>"; };
		B739EF8B22090B2F004753BF /* Base */ = {isa = PBXFileReference; lastKnownFileType = file.storyboard; name = Base; path = Base.lproj/LaunchScreen.storyboard; sourceTree = "<group>"; };
		B739EF8D22090B2F004753BF /* Info.plist */ = {isa = PBXFileReference; lastKnownFileType = text.plist.xml; path = Info.plist; sourceTree = "<group>"; };
		B739EF9222090B2F004753BF /* 11Tests.xctest */ = {isa = PBXFileReference; explicitFileType = wrapper.cfbundle; includeInIndex = 0; path = 11Tests.xctest; sourceTree = BUILT_PRODUCTS_DIR; };
		B739EF9622090B2F004753BF /* _1Tests.swift */ = {isa = PBXFileReference; lastKnownFileType = sourcecode.swift; path = _1Tests.swift; sourceTree = "<group>"; };
		B739EF9822090B2F004753BF /* Info.plist */ = {isa = PBXFileReference; lastKnownFileType = text.plist.xml; path = Info.plist; sourceTree = "<group>"; };
		B739EF9D22090B2F004753BF /* 11UITests.xctest */ = {isa = PBXFileReference; explicitFileType = wrapper.cfbundle; includeInIndex = 0; path = 11UITests.xctest; sourceTree = BUILT_PRODUCTS_DIR; };
		B739EFA122090B2F004753BF /* _1UITests.swift */ = {isa = PBXFileReference; lastKnownFileType = sourcecode.swift; path = _1UITests.swift; sourceTree = "<group>"; };
		B739EFA322090B2F004753BF /* Info.plist */ = {isa = PBXFileReference; lastKnownFileType = text.plist.xml; path = Info.plist; sourceTree = "<group>"; };
/* End PBXFileReference section */

/* Begin PBXFrameworksBuildPhase section */
		B739EF7B22090B2B004753BF /* Frameworks */ = {
			isa = PBXFrameworksBuildPhase;
			buildActionMask = 2147483647;
			files = (
			);
			runOnlyForDeploymentPostprocessing = 0;
		};
		B739EF8F22090B2F004753BF /* Frameworks */ = {
			isa = PBXFrameworksBuildPhase;
			buildActionMask = 2147483647;
			files = (
			);
			runOnlyForDeploymentPostprocessing = 0;
		};
		B739EF9A22090B2F004753BF /* Frameworks */ = {
			isa = PBXFrameworksBuildPhase;
			buildActionMask = 2147483647;
			files = (
			);
			runOnlyForDeploymentPostprocessing = 0;
		};
/* End PBXFrameworksBuildPhase section */

/* Begin PBXGroup section */
		B739EF7522090B2B004753BF = {
			isa = PBXGroup;
			children = (
				B739EF8022090B2B004753BF /* 11 */,
				B739EF9522090B2F004753BF /* 11Tests */,
				B739EFA022090B2F004753BF /* 11UITests */,
				B739EF7F22090B2B004753BF /* Products */,
			);
			sourceTree = "<group>";
		};
		B739EF7F22090B2B004753BF /* Products */ = {
			isa = PBXGroup;
			children = (
				B739EF7E22090B2B004753BF /* 11.app */,
				B739EF9222090B2F004753BF /* 11Tests.xctest */,
				B739EF9D22090B2F004753BF /* 11UITests.xctest */,
			);
			name = Products;
			sourceTree = "<group>";
		};
		B739EF8022090B2B004753BF /* 11 */ = {
			isa = PBXGroup;
			children = (
				B739EF8122090B2B004753BF /* AppDelegate.swift */,
				B739EF8322090B2B004753BF /* ViewController.swift */,
				B739EF8522090B2B004753BF /* Main.storyboard */,
				B739EF8822090B2F004753BF /* Assets.xcassets */,
				B739EF8A22090B2F004753BF /* LaunchScreen.storyboard */,
				B739EF8D22090B2F004753BF /* Info.plist */,
			);
			path = 11;
			sourceTree = "<group>";
		};
		B739EF9522090B2F004753BF /* 11Tests */ = {
			isa = PBXGroup;
			children = (
				B739EF9622090B2F004753BF /* _1Tests.swift */,
				B739EF9822090B2F004753BF /* Info.plist */,
			);
			path = 11Tests;
			sourceTree = "<group>";
		};
		B739EFA022090B2F004753BF /* 11UITests */ = {
			isa = PBXGroup;
			children = (
				B739EFA122090B2F004753BF /* _1UITests.swift */,
				B739EFA322090B2F004753BF /* Info.plist */,
			);
			path = 11UITests;
			sourceTree = "<group>";
		};
/* End PBXGroup section */

/* Begin PBXNativeTarget section */
		B739EF7D22090B2B004753BF /* 11 */ = {
			isa = PBXNativeTarget;
			buildConfigurationList = B739EFA622090B2F004753BF /* Build configuration list for PBXNativeTarget "11" */;
			buildPhases = (
				B739EF7A22090B2B004753BF /* Sources */,
				B739EF7B22090B2B004753BF /* Frameworks */,
				B739EF7C22090B2B004753BF /* Resources */,
			);
			buildRules = (
			);
			dependencies = (
			);
			name = 11;
			productName = 11;
			productReference = B739EF7E22090B2B004753BF /* 11.app */;
			productType = "com.apple.product-type.application";
		};
		B739EF9122090B2F004753BF /* 11Tests */ = {
			isa = PBXNativeTarget;
			buildConfigurationList = B739EFA922090B2F004753BF /* Build configuration list for PBXNativeTarget "11Tests" */;
			buildPhases = (
				B739EF8E22090B2F004753BF /* Sources */,
				B739EF8F22090B2F004753BF /* Frameworks */,
				B739EF9022090B2F004753BF /* Resources */,
			);
			buildRules = (
			);
			dependencies = (
				B739EF9422090B2F004753BF /* PBXTargetDependency */,
			);
			name = 11Tests;
			productName = 11Tests;
			productReference = B739EF9222090B2F004753BF /* 11Tests.xctest */;
			productType = "com.apple.product-type.bundle.unit-test";
		};
		B739EF9C22090B2F004753BF /* 11UITests */ = {
			isa = PBXNativeTarget;
			buildConfigurationList = B739EFAC22090B2F004753BF /* Build configuration list for PBXNativeTarget "11UITests" */;
			buildPhases = (
				B739EF9922090B2F004753BF /* Sources */,
				B739EF9A22090B2F004753BF /* Frameworks */,
				B739EF9B22090B2F004753BF /* Resources */,
			);
			buildRules = (
			);
			dependencies = (
				B739EF9F22090B2F004753BF /* PBXTargetDependency */,
			);
			name = 11UITests;
			productName = 11UITests;
			productReference = B739EF9D22090B2F004753BF /* 11UITests.xctest */;
			productType = "com.apple.product-type.bundle.ui-testing";
		};
/* End PBXNativeTarget section */

/* Begin PBXProject section */
		B739EF7622090B2B004753BF /* Project object */ = {
			isa = PBXProject;
			attributes = {
				LastSwiftUpdateCheck = 1010;
				LastUpgradeCheck = 1010;
				ORGANIZATIONNAME = tomoki;
				TargetAttributes = {
					B739EF7D22090B2B004753BF = {
						CreatedOnToolsVersion = 10.1;
					};
					B739EF9122090B2F004753BF = {
						CreatedOnToolsVersion = 10.1;
						TestTargetID = B739EF7D22090B2B004753BF;
					};
					B739EF9C22090B2F004753BF = {
						CreatedOnToolsVersion = 10.1;
						TestTargetID = B739EF7D22090B2B004753BF;
					};
				};
			};
			buildConfigurationList = B739EF7922090B2B004753BF /* Build configuration list for PBXProject "11" */;
			compatibilityVersion = "Xcode 9.3";
			developmentRegion = en;
			hasScannedForEncodings = 0;
			knownRegions = (
				en,
				Base,
			);
			mainGroup = B739EF7522090B2B004753BF;
			productRefGroup = B739EF7F22090B2B004753BF /* Products */;
			projectDirPath = "";
			projectRoot = "";
			targets = (
				B739EF7D22090B2B004753BF /* 11 */,
				B739EF9122090B2F004753BF /* 11Tests */,
				B739EF9C22090B2F004753BF /* 11UITests */,
			);
		};
/* End PBXProject section */

/* Begin PBXResourcesBuildPhase section */
		B739EF7C22090B2B004753BF /* Resources */ = {
			isa = PBXResourcesBuildPhase;
			buildActionMask = 2147483647;
			files = (
				B739EF8C22090B2F004753BF /* LaunchScreen.storyboard in Resources */,
				B739EF8922090B2F004753BF /* Assets.xcassets in Resources */,
				B739EF8722090B2B004753BF /* Main.storyboard in Resources */,
			);
			runOnlyForDeploymentPostprocessing = 0;
		};
		B739EF9022090B2F004753BF /* Resources */ = {
			isa = PBXResourcesBuildPhase;
			buildActionMask = 2147483647;
			files = (
			);
			runOnlyForDeploymentPostprocessing = 0;
		};
		B739EF9B22090B2F004753BF /* Resources */ = {
			isa = PBXResourcesBuildPhase;
			buildActionMask = 2147483647;
			files = (
			);
			runOnlyForDeploymentPostprocessing = 0;
		};
/* End PBXResourcesBuildPhase section */

/* Begin PBXSourcesBuildPhase section */
		B739EF7A22090B2B004753BF /* Sources */ = {
			isa = PBXSourcesBuildPhase;
			buildActionMask = 2147483647;
			files = (
				B739EF8422090B2B004753BF /* ViewController.swift in Sources */,
				B739EF8222090B2B004753BF /* AppDelegate.swift in Sources */,
			);
			runOnlyForDeploymentPostprocessing = 0;
		};
		B739EF8E22090B2F004753BF /* Sources */ = {
			isa = PBXSourcesBuildPhase;
			buildActionMask = 2147483647;
			files = (
				B739EF9722090B2F004753BF /* _1Tests.swift in Sources */,
			);
			runOnlyForDeploymentPostprocessing = 0;
		};
		B739EF9922090B2F004753BF /* Sources */ = {
			isa = PBXSourcesBuildPhase;
			buildActionMask = 2147483647;
			files = (
				B739EFA222090B2F004753BF /* _1UITests.swift in Sources */,
			);
			runOnlyForDeploymentPostprocessing = 0;
		};
/* End PBXSourcesBuildPhase section */

/* Begin PBXTargetDependency section */
		B739EF9422090B2F004753BF /* PBXTargetDependency */ = {
			isa = PBXTargetDependency;
			target = B739EF7D22090B2B004753BF /* 11 */;
			targetProxy = B739EF9322090B2F004753BF /* PBXContainerItemProxy */;
		};
		B739EF9F22090B2F004753BF /* PBXTargetDependency */ = {
			isa = PBXTargetDependency;
			target = B739EF7D22090B2B004753BF /* 11 */;
			targetProxy = B739EF9E22090B2F004753BF /* PBXContainerItemProxy */;
		};
/* End PBXTargetDependency section */

/* Begin PBXVariantGroup section */
		B739EF8522090B2B004753BF /* Main.storyboard */ = {
			isa = PBXVariantGroup;
			children = (
				B739EF8622090B2B004753BF /* Base */,
			);
			name = Main.storyboard;
			sourceTree = "<group>";
		};
		B739EF8A22090B2F004753BF /* LaunchScreen.storyboard */ = {
			isa = PBXVariantGroup;
			children = (
				B739EF8B22090B2F004753BF /* Base */,
			);
			name = LaunchScreen.storyboard;
			sourceTree = "<group>";
		};
/* End PBXVariantGroup section */

/* Begin XCBuildConfiguration section */
		B739EFA422090B2F004753BF /* Debug */ = {
			isa = XCBuildConfiguration;
			buildSettings = {
				ALWAYS_SEARCH_USER_PATHS = NO;
				CLANG_ANALYZER_NONNULL = YES;
				CLANG_ANALYZER_NUMBER_OBJECT_CONVERSION = YES_AGGRESSIVE;
				CLANG_CXX_LANGUAGE_STANDARD = "gnu++14";
				CLANG_CXX_LIBRARY = "libc++";
				CLANG_ENABLE_MODULES = YES;
				CLANG_ENABLE_OBJC_ARC = YES;
				CLANG_ENABLE_OBJC_WEAK = YES;
				CLANG_WARN_BLOCK_CAPTURE_AUTORELEASING = YES;
				CLANG_WARN_BOOL_CONVERSION = YES;
				CLANG_WARN_COMMA = YES;
				CLANG_WARN_CONSTANT_CONVERSION = YES;
				CLANG_WARN_DEPRECATED_OBJC_IMPLEMENTATIONS = YES;
				CLANG_WARN_DIRECT_OBJC_ISA_USAGE = YES_ERROR;
				CLANG_WARN_DOCUMENTATION_COMMENTS = YES;
				CLANG_WARN_EMPTY_BODY = YES;
				CLANG_WARN_ENUM_CONVERSION = YES;
				CLANG_WARN_INFINITE_RECURSION = YES;
				CLANG_WARN_INT_CONVERSION = YES;
				CLANG_WARN_NON_LITERAL_NULL_CONVERSION = YES;
				CLANG_WARN_OBJC_IMPLICIT_RETAIN_SELF = YES;
				CLANG_WARN_OBJC_LITERAL_CONVERSION = YES;
				CLANG_WARN_OBJC_ROOT_CLASS = YES_ERROR;
				CLANG_WARN_RANGE_LOOP_ANALYSIS = YES;
				CLANG_WARN_STRICT_PROTOTYPES = YES;
				CLANG_WARN_SUSPICIOUS_MOVE = YES;
				CLANG_WARN_UNGUARDED_AVAILABILITY = YES_AGGRESSIVE;
				CLANG_WARN_UNREACHABLE_CODE = YES;
				CLANG_WARN__DUPLICATE_METHOD_MATCH = YES;
				CODE_SIGN_IDENTITY = "iPhone Developer";
				COPY_PHASE_STRIP = NO;
				DEBUG_INFORMATION_FORMAT = dwarf;
				ENABLE_STRICT_OBJC_MSGSEND = YES;
				ENABLE_TESTABILITY = YES;
				GCC_C_LANGUAGE_STANDARD = gnu11;
				GCC_DYNAMIC_NO_PIC = NO;
				GCC_NO_COMMON_BLOCKS = YES;
				GCC_OPTIMIZATION_LEVEL = 0;
				GCC_PREPROCESSOR_DEFINITIONS = (
					"DEBUG=1",
					"$(inherited)",
				);
				GCC_WARN_64_TO_32_BIT_CONVERSION = YES;
				GCC_WARN_ABOUT_RETURN_TYPE = YES_ERROR;
				GCC_WARN_UNDECLARED_SELECTOR = YES;
				GCC_WARN_UNINITIALIZED_AUTOS = YES_AGGRESSIVE;
				GCC_WARN_UNUSED_FUNCTION = YES;
				GCC_WARN_UNUSED_VARIABLE = YES;
				IPHONEOS_DEPLOYMENT_TARGET = 12.1;
				MTL_ENABLE_DEBUG_INFO = INCLUDE_SOURCE;
				MTL_FAST_MATH = YES;
				ONLY_ACTIVE_ARCH = YES;
				SDKROOT = iphoneos;
				SWIFT_ACTIVE_COMPILATION_CONDITIONS = DEBUG;
				SWIFT_OPTIMIZATION_LEVEL = "-Onone";
			};
			name = Debug;
		};
		B739EFA522090B2F004753BF /* Release */ = {
			isa = XCBuildConfiguration;
			buildSettings = {
				ALWAYS_SEARCH_USER_PATHS = NO;
				CLANG_ANALYZER_NONNULL = YES;
				CLANG_ANALYZER_NUMBER_OBJECT_CONVERSION = YES_AGGRESSIVE;
				CLANG_CXX_LANGUAGE_STANDARD = "gnu++14";
				CLANG_CXX_LIBRARY = "libc++";
				CLANG_ENABLE_MODULES = YES;
				CLANG_ENABLE_OBJC_ARC = YES;
				CLANG_ENABLE_OBJC_WEAK = YES;
				CLANG_WARN_BLOCK_CAPTURE_AUTORELEASING = YES;
				CLANG_WARN_BOOL_CONVERSION = YES;
				CLANG_WARN_COMMA = YES;
				CLANG_WARN_CONSTANT_CONVERSION = YES;
				CLANG_WARN_DEPRECATED_OBJC_IMPLEMENTATIONS = YES;
				CLANG_WARN_DIRECT_OBJC_ISA_USAGE = YES_ERROR;
				CLANG_WARN_DOCUMENTATION_COMMENTS = YES;
				CLANG_WARN_EMPTY_BODY = YES;
				CLANG_WARN_ENUM_CONVERSION = YES;
				CLANG_WARN_INFINITE_RECURSION = YES;
				CLANG_WARN_INT_CONVERSION = YES;
				CLANG_WARN_NON_LITERAL_NULL_CONVERSION = YES;
				CLANG_WARN_OBJC_IMPLICIT_RETAIN_SELF = YES;
				CLANG_WARN_OBJC_LITERAL_CONVERSION = YES;
				CLANG_WARN_OBJC_ROOT_CLASS = YES_ERROR;
				CLANG_WARN_RANGE_LOOP_ANALYSIS = YES;
				CLANG_WARN_STRICT_PROTOTYPES = YES;
				CLANG_WARN_SUSPICIOUS_MOVE = YES;
				CLANG_WARN_UNGUARDED_AVAILABILITY = YES_AGGRESSIVE;
				CLANG_WARN_UNREACHABLE_CODE = YES;
				CLANG_WARN__DUPLICATE_METHOD_MATCH = YES;
				CODE_SIGN_IDENTITY = "iPhone Developer";
				COPY_PHASE_STRIP = NO;
				DEBUG_INFORMATION_FORMAT = "dwarf-with-dsym";
				ENABLE_NS_ASSERTIONS = NO;
				ENABLE_STRICT_OBJC_MSGSEND = YES;
				GCC_C_LANGUAGE_STANDARD = gnu11;
				GCC_NO_COMMON_BLOCKS = YES;
				GCC_WARN_64_TO_32_BIT_CONVERSION = YES;
				GCC_WARN_ABOUT_RETURN_TYPE = YES_ERROR;
				GCC_WARN_UNDECLARED_SELECTOR = YES;
				GCC_WARN_UNINITIALIZED_AUTOS = YES_AGGRESSIVE;
				GCC_WARN_UNUSED_FUNCTION = YES;
				GCC_WARN_UNUSED_VARIABLE = YES;
				IPHONEOS_DEPLOYMENT_TARGET = 12.1;
				MTL_ENABLE_DEBUG_INFO = NO;
				MTL_FAST_MATH = YES;
				SDKROOT = iphoneos;
				SWIFT_COMPILATION_MODE = wholemodule;
				SWIFT_OPTIMIZATION_LEVEL = "-O";
				VALIDATE_PRODUCT = YES;
			};
			name = Release;
		};
		B739EFA722090B2F004753BF /* Debug */ = {
			isa = XCBuildConfiguration;
			buildSettings = {
				ASSETCATALOG_COMPILER_APPICON_NAME = AppIcon;
				CODE_SIGN_STYLE = Automatic;
				INFOPLIST_FILE = 11/Info.plist;
				LD_RUNPATH_SEARCH_PATHS = (
					"$(inherited)",
					"@executable_path/Frameworks",
				);
				PRODUCT_BUNDLE_IDENTIFIER = "com.tomoki.-1";
				PRODUCT_NAME = "$(TARGET_NAME)";
				SWIFT_VERSION = 4.2;
				TARGETED_DEVICE_FAMILY = "1,2";
			};
			name = Debug;
		};
		B739EFA822090B2F004753BF /* Release */ = {
			isa = XCBuildConfiguration;
			buildSettings = {
				ASSETCATALOG_COMPILER_APPICON_NAME = AppIcon;
				CODE_SIGN_STYLE = Automatic;
				INFOPLIST_FILE = 11/Info.plist;
				LD_RUNPATH_SEARCH_PATHS = (
					"$(inherited)",
					"@executable_path/Frameworks",
				);
				PRODUCT_BUNDLE_IDENTIFIER = "com.tomoki.-1";
				PRODUCT_NAME = "$(TARGET_NAME)";
				SWIFT_VERSION = 4.2;
				TARGETED_DEVICE_FAMILY = "1,2";
			};
			name = Release;
		};
		B739EFAA22090B2F004753BF /* Debug */ = {
			isa = XCBuildConfiguration;
			buildSettings = {
				ALWAYS_EMBED_SWIFT_STANDARD_LIBRARIES = YES;
				BUNDLE_LOADER = "$(TEST_HOST)";
				CODE_SIGN_STYLE = Automatic;
				INFOPLIST_FILE = 11Tests/Info.plist;
				LD_RUNPATH_SEARCH_PATHS = (
					"$(inherited)",
					"@executable_path/Frameworks",
					"@loader_path/Frameworks",
				);
				PRODUCT_BUNDLE_IDENTIFIER = "com.tomoki.-1Tests";
				PRODUCT_NAME = "$(TARGET_NAME)";
				SWIFT_VERSION = 4.2;
				TARGETED_DEVICE_FAMILY = "1,2";
				TEST_HOST = "$(BUILT_PRODUCTS_DIR)/11.app/11";
			};
			name = Debug;
		};
		B739EFAB22090B2F004753BF /* Release */ = {
			isa = XCBuildConfiguration;
			buildSettings = {
				ALWAYS_EMBED_SWIFT_STANDARD_LIBRARIES = YES;
				BUNDLE_LOADER = "$(TEST_HOST)";
				CODE_SIGN_STYLE = Automatic;
				INFOPLIST_FILE = 11Tests/Info.plist;
				LD_RUNPATH_SEARCH_PATHS = (
					"$(inherited)",
					"@executable_path/Frameworks",
					"@loader_path/Frameworks",
				);
				PRODUCT_BUNDLE_IDENTIFIER = "com.tomoki.-1Tests";
				PRODUCT_NAME = "$(TARGET_NAME)";
				SWIFT_VERSION = 4.2;
				TARGETED_DEVICE_FAMILY = "1,2";
				TEST_HOST = "$(BUILT_PRODUCTS_DIR)/11.app/11";
			};
			name = Release;
		};
		B739EFAD22090B2F004753BF /* Debug */ = {
			isa = XCBuildConfiguration;
			buildSettings = {
				ALWAYS_EMBED_SWIFT_STANDARD_LIBRARIES = YES;
				CODE_SIGN_STYLE = Automatic;
				INFOPLIST_FILE = 11UITests/Info.plist;
				LD_RUNPATH_SEARCH_PATHS = (
					"$(inherited)",
					"@executable_path/Frameworks",
					"@loader_path/Frameworks",
				);
				PRODUCT_BUNDLE_IDENTIFIER = "com.tomoki.-1UITests";
				PRODUCT_NAME = "$(TARGET_NAME)";
				SWIFT_VERSION = 4.2;
				TARGETED_DEVICE_FAMILY = "1,2";
				TEST_TARGET_NAME = 11;
			};
			name = Debug;
		};
		B739EFAE22090B2F004753BF /* Release */ = {
			isa = XCBuildConfiguration;
			buildSettings = {
				ALWAYS_EMBED_SWIFT_STANDARD_LIBRARIES = YES;
				CODE_SIGN_STYLE = Automatic;
				INFOPLIST_FILE = 11UITests/Info.plist;
				LD_RUNPATH_SEARCH_PATHS = (
					"$(inherited)",
					"@executable_path/Frameworks",
					"@loader_path/Frameworks",
				);
				PRODUCT_BUNDLE_IDENTIFIER = "com.tomoki.-1UITests";
				PRODUCT_NAME = "$(TARGET_NAME)";
				SWIFT_VERSION = 4.2;
				TARGETED_DEVICE_FAMILY = "1,2";
				TEST_TARGET_NAME = 11;
			};
			name = Release;
		};
/* End XCBuildConfiguration section */

/* Begin XCConfigurationList section */
		B739EF7922090B2B004753BF /* Build configuration list for PBXProject "11" */ = {
			isa = XCConfigurationList;
			buildConfigurations = (
				B739EFA422090B2F004753BF /* Debug */,
				B739EFA522090B2F004753BF /* Release */,
			);
			defaultConfigurationIsVisible = 0;
			defaultConfigurationName = Release;
		};
		B739EFA622090B2F004753BF /* Build configuration list for PBXNativeTarget "11" */ = {
			isa = XCConfigurationList;
			buildConfigurations = (
				B739EFA722090B2F004753BF /* Debug */,
				B739EFA822090B2F004753BF /* Release */,
			);
			defaultConfigurationIsVisible = 0;
			defaultConfigurationName = Release;
		};
		B739EFA922090B2F004753BF /* Build configuration list for PBXNativeTarget "11Tests" */ = {
			isa = XCConfigurationList;
			buildConfigurations = (
				B739EFAA22090B2F004753BF /* Debug */,
				B739EFAB22090B2F004753BF /* Release */,
			);
			defaultConfigurationIsVisible = 0;
			defaultConfigurationName = Release;
		};
		B739EFAC22090B2F004753BF /* Build configuration list for PBXNativeTarget "11UITests" */ = {
			isa = XCConfigurationList;
			buildConfigurations = (
				B739EFAD22090B2F004753BF /* Debug */,
				B739EFAE22090B2F004753BF /* Release */,
			);
			defaultConfigurationIsVisible = 0;
			defaultConfigurationName = Release;
		};
/* End XCConfigurationList section */
	};
	rootObject = B739EF7622090B2B004753BF /* Project object */;
}
