// !$*UTF8*$!
{
	archiveVersion = 1;
	classes = {
	};
	objectVersion = 50;
	objects = {

/* Begin PBXBuildFile section */
		B7F30E122271A45A0077CDD0 /* AppDelegate.swift in Sources */ = {isa = PBXBuildFile; fileRef = B7F30E112271A45A0077CDD0 /* AppDelegate.swift */; };
		B7F30E142271A45A0077CDD0 /* ViewController.swift in Sources */ = {isa = PBXBuildFile; fileRef = B7F30E132271A45A0077CDD0 /* ViewController.swift */; };
		B7F30E172271A45A0077CDD0 /* Main.storyboard in Resources */ = {isa = PBXBuildFile; fileRef = B7F30E152271A45A0077CDD0 /* Main.storyboard */; };
		B7F30E192271A45B0077CDD0 /* Assets.xcassets in Resources */ = {isa = PBXBuildFile; fileRef = B7F30E182271A45B0077CDD0 /* Assets.xcassets */; };
		B7F30E1C2271A45B0077CDD0 /* LaunchScreen.storyboard in Resources */ = {isa = PBXBuildFile; fileRef = B7F30E1A2271A45B0077CDD0 /* LaunchScreen.storyboard */; };
		B7F30E262271C11B0077CDD0 /* date.swift in Sources */ = {isa = PBXBuildFile; fileRef = B7F30E252271C11B0077CDD0 /* date.swift */; };
		B7F30E282271C1620077CDD0 /* ArticleTableViewCell.swift in Sources */ = {isa = PBXBuildFile; fileRef = B7F30E272271C1620077CDD0 /* ArticleTableViewCell.swift */; };
		B7F30E2A2271C17E0077CDD0 /* UIView+Extension.swift in Sources */ = {isa = PBXBuildFile; fileRef = B7F30E292271C17E0077CDD0 /* UIView+Extension.swift */; };
		B7F30E2C2271C1A70077CDD0 /* ArticleTableViewCell.xib in Resources */ = {isa = PBXBuildFile; fileRef = B7F30E2B2271C1A70077CDD0 /* ArticleTableViewCell.xib */; };
		B7F30E2E2271C6CA0077CDD0 /* gif.swift in Sources */ = {isa = PBXBuildFile; fileRef = B7F30E2D2271C6CA0077CDD0 /* gif.swift */; };
		B7F30E372271C85B0077CDD0 /* UIImageView+SwiftyGif.swift in Sources */ = {isa = PBXBuildFile; fileRef = B7F30E312271C85B0077CDD0 /* UIImageView+SwiftyGif.swift */; };
		B7F30E382271C85B0077CDD0 /* UIImage+SwiftyGif.swift in Sources */ = {isa = PBXBuildFile; fileRef = B7F30E322271C85B0077CDD0 /* UIImage+SwiftyGif.swift */; };
		B7F30E392271C85B0077CDD0 /* SwiftyGifManager.swift in Sources */ = {isa = PBXBuildFile; fileRef = B7F30E342271C85B0077CDD0 /* SwiftyGifManager.swift */; };
		B7F30E3A2271C85B0077CDD0 /* LICENSE in Resources */ = {isa = PBXBuildFile; fileRef = B7F30E352271C85B0077CDD0 /* LICENSE */; };
		B7F30E3B2271C85B0077CDD0 /* README.md in Resources */ = {isa = PBXBuildFile; fileRef = B7F30E362271C85B0077CDD0 /* README.md */; };
/* End PBXBuildFile section */

/* Begin PBXFileReference section */
		B7F30E0E2271A45A0077CDD0 /* 90.app */ = {isa = PBXFileReference; explicitFileType = wrapper.application; includeInIndex = 0; path = 90.app; sourceTree = BUILT_PRODUCTS_DIR; };
		B7F30E112271A45A0077CDD0 /* AppDelegate.swift */ = {isa = PBXFileReference; lastKnownFileType = sourcecode.swift; path = AppDelegate.swift; sourceTree = "<group>"; };
		B7F30E132271A45A0077CDD0 /* ViewController.swift */ = {isa = PBXFileReference; lastKnownFileType = sourcecode.swift; path = ViewController.swift; sourceTree = "<group>"; };
		B7F30E162271A45A0077CDD0 /* Base */ = {isa = PBXFileReference; lastKnownFileType = file.storyboard; name = Base; path = Base.lproj/Main.storyboard; sourceTree = "<group>"; };
		B7F30E182271A45B0077CDD0 /* Assets.xcassets */ = {isa = PBXFileReference; lastKnownFileType = folder.assetcatalog; path = Assets.xcassets; sourceTree = "<group>"; };
		B7F30E1B2271A45B0077CDD0 /* Base */ = {isa = PBXFileReference; lastKnownFileType = file.storyboard; name = Base; path = Base.lproj/LaunchScreen.storyboard; sourceTree = "<group>"; };
		B7F30E1D2271A45B0077CDD0 /* Info.plist */ = {isa = PBXFileReference; lastKnownFileType = text.plist.xml; path = Info.plist; sourceTree = "<group>"; };
		B7F30E252271C11B0077CDD0 /* date.swift */ = {isa = PBXFileReference; lastKnownFileType = sourcecode.swift; path = date.swift; sourceTree = "<group>"; };
		B7F30E272271C1620077CDD0 /* ArticleTableViewCell.swift */ = {isa = PBXFileReference; lastKnownFileType = sourcecode.swift; path = ArticleTableViewCell.swift; sourceTree = "<group>"; };
		B7F30E292271C17E0077CDD0 /* UIView+Extension.swift */ = {isa = PBXFileReference; lastKnownFileType = sourcecode.swift; path = "UIView+Extension.swift"; sourceTree = "<group>"; };
		B7F30E2B2271C1A70077CDD0 /* ArticleTableViewCell.xib */ = {isa = PBXFileReference; lastKnownFileType = file.xib; path = ArticleTableViewCell.xib; sourceTree = "<group>"; };
		B7F30E2D2271C6CA0077CDD0 /* gif.swift */ = {isa = PBXFileReference; lastKnownFileType = sourcecode.swift; path = gif.swift; sourceTree = "<group>"; };
		B7F30E312271C85B0077CDD0 /* UIImageView+SwiftyGif.swift */ = {isa = PBXFileReference; fileEncoding = 4; lastKnownFileType = sourcecode.swift; path = "UIImageView+SwiftyGif.swift"; sourceTree = "<group>"; };
		B7F30E322271C85B0077CDD0 /* UIImage+SwiftyGif.swift */ = {isa = PBXFileReference; fileEncoding = 4; lastKnownFileType = sourcecode.swift; path = "UIImage+SwiftyGif.swift"; sourceTree = "<group>"; };
		B7F30E332271C85B0077CDD0 /* SwiftyGif.h */ = {isa = PBXFileReference; fileEncoding = 4; lastKnownFileType = sourcecode.c.h; path = SwiftyGif.h; sourceTree = "<group>"; };
		B7F30E342271C85B0077CDD0 /* SwiftyGifManager.swift */ = {isa = PBXFileReference; fileEncoding = 4; lastKnownFileType = sourcecode.swift; path = SwiftyGifManager.swift; sourceTree = "<group>"; };
		B7F30E352271C85B0077CDD0 /* LICENSE */ = {isa = PBXFileReference; fileEncoding = 4; lastKnownFileType = text; path = LICENSE; sourceTree = "<group>"; };
		B7F30E362271C85B0077CDD0 /* README.md */ = {isa = PBXFileReference; fileEncoding = 4; lastKnownFileType = net.daringfireball.markdown; path = README.md; sourceTree = "<group>"; };
/* End PBXFileReference section */

/* Begin PBXFrameworksBuildPhase section */
		B7F30E0B2271A45A0077CDD0 /* Frameworks */ = {
			isa = PBXFrameworksBuildPhase;
			buildActionMask = 2147483647;
			files = (
			);
			runOnlyForDeploymentPostprocessing = 0;
		};
/* End PBXFrameworksBuildPhase section */

/* Begin PBXGroup section */
		B7F30E052271A45A0077CDD0 = {
			isa = PBXGroup;
			children = (
				B7F30E102271A45A0077CDD0 /* 90 */,
				B7F30E0F2271A45A0077CDD0 /* Products */,
				BD390188C28BA6532A896F2F /* Pods */,
			);
			sourceTree = "<group>";
		};
		B7F30E0F2271A45A0077CDD0 /* Products */ = {
			isa = PBXGroup;
			children = (
				B7F30E0E2271A45A0077CDD0 /* 90.app */,
			);
			name = Products;
			sourceTree = "<group>";
		};
		B7F30E102271A45A0077CDD0 /* 90 */ = {
			isa = PBXGroup;
			children = (
				B7F30E112271A45A0077CDD0 /* AppDelegate.swift */,
				B7F30E252271C11B0077CDD0 /* date.swift */,
				B7F30E132271A45A0077CDD0 /* ViewController.swift */,
				B7F30E272271C1620077CDD0 /* ArticleTableViewCell.swift */,
				B7F30E2B2271C1A70077CDD0 /* ArticleTableViewCell.xib */,
				B7F30E2D2271C6CA0077CDD0 /* gif.swift */,
				B7F30E292271C17E0077CDD0 /* UIView+Extension.swift */,
				B7F30E152271A45A0077CDD0 /* Main.storyboard */,
				B7F30E182271A45B0077CDD0 /* Assets.xcassets */,
				B7F30E1A2271A45B0077CDD0 /* LaunchScreen.storyboard */,
				B7F30E1D2271A45B0077CDD0 /* Info.plist */,
				B7F30E2F2271C85B0077CDD0 /* SwiftyGif */,
			);
			path = 90;
			sourceTree = "<group>";
		};
		B7F30E2F2271C85B0077CDD0 /* SwiftyGif */ = {
			isa = PBXGroup;
			children = (
				B7F30E302271C85B0077CDD0 /* SwiftyGif */,
				B7F30E352271C85B0077CDD0 /* LICENSE */,
				B7F30E362271C85B0077CDD0 /* README.md */,
			);
			name = SwiftyGif;
			path = ../../52/Pods/SwiftyGif;
			sourceTree = "<group>";
		};
		B7F30E302271C85B0077CDD0 /* SwiftyGif */ = {
			isa = PBXGroup;
			children = (
				B7F30E312271C85B0077CDD0 /* UIImageView+SwiftyGif.swift */,
				B7F30E322271C85B0077CDD0 /* UIImage+SwiftyGif.swift */,
				B7F30E332271C85B0077CDD0 /* SwiftyGif.h */,
				B7F30E342271C85B0077CDD0 /* SwiftyGifManager.swift */,
			);
			path = SwiftyGif;
			sourceTree = "<group>";
		};
		BD390188C28BA6532A896F2F /* Pods */ = {
			isa = PBXGroup;
			children = (
			);
			path = Pods;
			sourceTree = "<group>";
		};
/* End PBXGroup section */

/* Begin PBXNativeTarget section */
		B7F30E0D2271A45A0077CDD0 /* 90 */ = {
			isa = PBXNativeTarget;
			buildConfigurationList = B7F30E202271A45B0077CDD0 /* Build configuration list for PBXNativeTarget "90" */;
			buildPhases = (
				B7F30E0A2271A45A0077CDD0 /* Sources */,
				B7F30E0B2271A45A0077CDD0 /* Frameworks */,
				B7F30E0C2271A45A0077CDD0 /* Resources */,
			);
			buildRules = (
			);
			dependencies = (
			);
			name = 90;
			productName = 90;
			productReference = B7F30E0E2271A45A0077CDD0 /* 90.app */;
			productType = "com.apple.product-type.application";
		};
/* End PBXNativeTarget section */

/* Begin PBXProject section */
		B7F30E062271A45A0077CDD0 /* Project object */ = {
			isa = PBXProject;
			attributes = {
				LastSwiftUpdateCheck = 1010;
				LastUpgradeCheck = 1010;
				ORGANIZATIONNAME = tomoki;
				TargetAttributes = {
					B7F30E0D2271A45A0077CDD0 = {
						CreatedOnToolsVersion = 10.1;
					};
				};
			};
			buildConfigurationList = B7F30E092271A45A0077CDD0 /* Build configuration list for PBXProject "90" */;
			compatibilityVersion = "Xcode 9.3";
			developmentRegion = en;
			hasScannedForEncodings = 0;
			knownRegions = (
				en,
				Base,
			);
			mainGroup = B7F30E052271A45A0077CDD0;
			productRefGroup = B7F30E0F2271A45A0077CDD0 /* Products */;
			projectDirPath = "";
			projectRoot = "";
			targets = (
				B7F30E0D2271A45A0077CDD0 /* 90 */,
			);
		};
/* End PBXProject section */

/* Begin PBXResourcesBuildPhase section */
		B7F30E0C2271A45A0077CDD0 /* Resources */ = {
			isa = PBXResourcesBuildPhase;
			buildActionMask = 2147483647;
			files = (
				B7F30E3B2271C85B0077CDD0 /* README.md in Resources */,
				B7F30E2C2271C1A70077CDD0 /* ArticleTableViewCell.xib in Resources */,
				B7F30E1C2271A45B0077CDD0 /* LaunchScreen.storyboard in Resources */,
				B7F30E192271A45B0077CDD0 /* Assets.xcassets in Resources */,
				B7F30E172271A45A0077CDD0 /* Main.storyboard in Resources */,
				B7F30E3A2271C85B0077CDD0 /* LICENSE in Resources */,
			);
			runOnlyForDeploymentPostprocessing = 0;
		};
/* End PBXResourcesBuildPhase section */

/* Begin PBXSourcesBuildPhase section */
		B7F30E0A2271A45A0077CDD0 /* Sources */ = {
			isa = PBXSourcesBuildPhase;
			buildActionMask = 2147483647;
			files = (
				B7F30E282271C1620077CDD0 /* ArticleTableViewCell.swift in Sources */,
				B7F30E142271A45A0077CDD0 /* ViewController.swift in Sources */,
				B7F30E382271C85B0077CDD0 /* UIImage+SwiftyGif.swift in Sources */,
				B7F30E392271C85B0077CDD0 /* SwiftyGifManager.swift in Sources */,
				B7F30E262271C11B0077CDD0 /* date.swift in Sources */,
				B7F30E2A2271C17E0077CDD0 /* UIView+Extension.swift in Sources */,
				B7F30E2E2271C6CA0077CDD0 /* gif.swift in Sources */,
				B7F30E122271A45A0077CDD0 /* AppDelegate.swift in Sources */,
				B7F30E372271C85B0077CDD0 /* UIImageView+SwiftyGif.swift in Sources */,
			);
			runOnlyForDeploymentPostprocessing = 0;
		};
/* End PBXSourcesBuildPhase section */

/* Begin PBXVariantGroup section */
		B7F30E152271A45A0077CDD0 /* Main.storyboard */ = {
			isa = PBXVariantGroup;
			children = (
				B7F30E162271A45A0077CDD0 /* Base */,
			);
			name = Main.storyboard;
			sourceTree = "<group>";
		};
		B7F30E1A2271A45B0077CDD0 /* LaunchScreen.storyboard */ = {
			isa = PBXVariantGroup;
			children = (
				B7F30E1B2271A45B0077CDD0 /* Base */,
			);
			name = LaunchScreen.storyboard;
			sourceTree = "<group>";
		};
/* End PBXVariantGroup section */

/* Begin XCBuildConfiguration section */
		B7F30E1E2271A45B0077CDD0 /* Debug */ = {
			isa = XCBuildConfiguration;
			buildSettings = {
				ALWAYS_SEARCH_USER_PATHS = NO;
				CLANG_ANALYZER_NONNULL = YES;
				CLANG_ANALYZER_NUMBER_OBJECT_CONVERSION = YES_AGGRESSIVE;
				CLANG_CXX_LANGUAGE_STANDARD = "gnu++14";
				CLANG_CXX_LIBRARY = "libc++";
				CLANG_ENABLE_MODULES = YES;
				CLANG_ENABLE_OBJC_ARC = YES;
				CLANG_ENABLE_OBJC_WEAK = YES;
				CLANG_WARN_BLOCK_CAPTURE_AUTORELEASING = YES;
				CLANG_WARN_BOOL_CONVERSION = YES;
				CLANG_WARN_COMMA = YES;
				CLANG_WARN_CONSTANT_CONVERSION = YES;
				CLANG_WARN_DEPRECATED_OBJC_IMPLEMENTATIONS = YES;
				CLANG_WARN_DIRECT_OBJC_ISA_USAGE = YES_ERROR;
				CLANG_WARN_DOCUMENTATION_COMMENTS = YES;
				CLANG_WARN_EMPTY_BODY = YES;
				CLANG_WARN_ENUM_CONVERSION = YES;
				CLANG_WARN_INFINITE_RECURSION = YES;
				CLANG_WARN_INT_CONVERSION = YES;
				CLANG_WARN_NON_LITERAL_NULL_CONVERSION = YES;
				CLANG_WARN_OBJC_IMPLICIT_RETAIN_SELF = YES;
				CLANG_WARN_OBJC_LITERAL_CONVERSION = YES;
				CLANG_WARN_OBJC_ROOT_CLASS = YES_ERROR;
				CLANG_WARN_RANGE_LOOP_ANALYSIS = YES;
				CLANG_WARN_STRICT_PROTOTYPES = YES;
				CLANG_WARN_SUSPICIOUS_MOVE = YES;
				CLANG_WARN_UNGUARDED_AVAILABILITY = YES_AGGRESSIVE;
				CLANG_WARN_UNREACHABLE_CODE = YES;
				CLANG_WARN__DUPLICATE_METHOD_MATCH = YES;
				CODE_SIGN_IDENTITY = "iPhone Developer";
				COPY_PHASE_STRIP = NO;
				DEBUG_INFORMATION_FORMAT = dwarf;
				ENABLE_STRICT_OBJC_MSGSEND = YES;
				ENABLE_TESTABILITY = YES;
				GCC_C_LANGUAGE_STANDARD = gnu11;
				GCC_DYNAMIC_NO_PIC = NO;
				GCC_NO_COMMON_BLOCKS = YES;
				GCC_OPTIMIZATION_LEVEL = 0;
				GCC_PREPROCESSOR_DEFINITIONS = (
					"DEBUG=1",
					"$(inherited)",
				);
				GCC_WARN_64_TO_32_BIT_CONVERSION = YES;
				GCC_WARN_ABOUT_RETURN_TYPE = YES_ERROR;
				GCC_WARN_UNDECLARED_SELECTOR = YES;
				GCC_WARN_UNINITIALIZED_AUTOS = YES_AGGRESSIVE;
				GCC_WARN_UNUSED_FUNCTION = YES;
				GCC_WARN_UNUSED_VARIABLE = YES;
				IPHONEOS_DEPLOYMENT_TARGET = 12.1;
				MTL_ENABLE_DEBUG_INFO = INCLUDE_SOURCE;
				MTL_FAST_MATH = YES;
				ONLY_ACTIVE_ARCH = YES;
				SDKROOT = iphoneos;
				SWIFT_ACTIVE_COMPILATION_CONDITIONS = DEBUG;
				SWIFT_OPTIMIZATION_LEVEL = "-Onone";
			};
			name = Debug;
		};
		B7F30E1F2271A45B0077CDD0 /* Release */ = {
			isa = XCBuildConfiguration;
			buildSettings = {
				ALWAYS_SEARCH_USER_PATHS = NO;
				CLANG_ANALYZER_NONNULL = YES;
				CLANG_ANALYZER_NUMBER_OBJECT_CONVERSION = YES_AGGRESSIVE;
				CLANG_CXX_LANGUAGE_STANDARD = "gnu++14";
				CLANG_CXX_LIBRARY = "libc++";
				CLANG_ENABLE_MODULES = YES;
				CLANG_ENABLE_OBJC_ARC = YES;
				CLANG_ENABLE_OBJC_WEAK = YES;
				CLANG_WARN_BLOCK_CAPTURE_AUTORELEASING = YES;
				CLANG_WARN_BOOL_CONVERSION = YES;
				CLANG_WARN_COMMA = YES;
				CLANG_WARN_CONSTANT_CONVERSION = YES;
				CLANG_WARN_DEPRECATED_OBJC_IMPLEMENTATIONS = YES;
				CLANG_WARN_DIRECT_OBJC_ISA_USAGE = YES_ERROR;
				CLANG_WARN_DOCUMENTATION_COMMENTS = YES;
				CLANG_WARN_EMPTY_BODY = YES;
				CLANG_WARN_ENUM_CONVERSION = YES;
				CLANG_WARN_INFINITE_RECURSION = YES;
				CLANG_WARN_INT_CONVERSION = YES;
				CLANG_WARN_NON_LITERAL_NULL_CONVERSION = YES;
				CLANG_WARN_OBJC_IMPLICIT_RETAIN_SELF = YES;
				CLANG_WARN_OBJC_LITERAL_CONVERSION = YES;
				CLANG_WARN_OBJC_ROOT_CLASS = YES_ERROR;
				CLANG_WARN_RANGE_LOOP_ANALYSIS = YES;
				CLANG_WARN_STRICT_PROTOTYPES = YES;
				CLANG_WARN_SUSPICIOUS_MOVE = YES;
				CLANG_WARN_UNGUARDED_AVAILABILITY = YES_AGGRESSIVE;
				CLANG_WARN_UNREACHABLE_CODE = YES;
				CLANG_WARN__DUPLICATE_METHOD_MATCH = YES;
				CODE_SIGN_IDENTITY = "iPhone Developer";
				COPY_PHASE_STRIP = NO;
				DEBUG_INFORMATION_FORMAT = "dwarf-with-dsym";
				ENABLE_NS_ASSERTIONS = NO;
				ENABLE_STRICT_OBJC_MSGSEND = YES;
				GCC_C_LANGUAGE_STANDARD = gnu11;
				GCC_NO_COMMON_BLOCKS = YES;
				GCC_WARN_64_TO_32_BIT_CONVERSION = YES;
				GCC_WARN_ABOUT_RETURN_TYPE = YES_ERROR;
				GCC_WARN_UNDECLARED_SELECTOR = YES;
				GCC_WARN_UNINITIALIZED_AUTOS = YES_AGGRESSIVE;
				GCC_WARN_UNUSED_FUNCTION = YES;
				GCC_WARN_UNUSED_VARIABLE = YES;
				IPHONEOS_DEPLOYMENT_TARGET = 12.1;
				MTL_ENABLE_DEBUG_INFO = NO;
				MTL_FAST_MATH = YES;
				SDKROOT = iphoneos;
				SWIFT_COMPILATION_MODE = wholemodule;
				SWIFT_OPTIMIZATION_LEVEL = "-O";
				VALIDATE_PRODUCT = YES;
			};
			name = Release;
		};
		B7F30E212271A45B0077CDD0 /* Debug */ = {
			isa = XCBuildConfiguration;
			buildSettings = {
				ASSETCATALOG_COMPILER_APPICON_NAME = AppIcon;
				CODE_SIGN_STYLE = Automatic;
				DEVELOPMENT_TEAM = FJMPLD4D4X;
				INFOPLIST_FILE = 90/Info.plist;
				LD_RUNPATH_SEARCH_PATHS = (
					"$(inherited)",
					"@executable_path/Frameworks",
				);
				PRODUCT_BUNDLE_IDENTIFIER = "com.tomoki.-0";
				PRODUCT_NAME = "$(TARGET_NAME)";
				SWIFT_VERSION = 4.2;
				TARGETED_DEVICE_FAMILY = "1,2";
			};
			name = Debug;
		};
		B7F30E222271A45B0077CDD0 /* Release */ = {
			isa = XCBuildConfiguration;
			buildSettings = {
				ASSETCATALOG_COMPILER_APPICON_NAME = AppIcon;
				CODE_SIGN_STYLE = Automatic;
				DEVELOPMENT_TEAM = FJMPLD4D4X;
				INFOPLIST_FILE = 90/Info.plist;
				LD_RUNPATH_SEARCH_PATHS = (
					"$(inherited)",
					"@executable_path/Frameworks",
				);
				PRODUCT_BUNDLE_IDENTIFIER = "com.tomoki.-0";
				PRODUCT_NAME = "$(TARGET_NAME)";
				SWIFT_VERSION = 4.2;
				TARGETED_DEVICE_FAMILY = "1,2";
			};
			name = Release;
		};
/* End XCBuildConfiguration section */

/* Begin XCConfigurationList section */
		B7F30E092271A45A0077CDD0 /* Build configuration list for PBXProject "90" */ = {
			isa = XCConfigurationList;
			buildConfigurations = (
				B7F30E1E2271A45B0077CDD0 /* Debug */,
				B7F30E1F2271A45B0077CDD0 /* Release */,
			);
			defaultConfigurationIsVisible = 0;
			defaultConfigurationName = Release;
		};
		B7F30E202271A45B0077CDD0 /* Build configuration list for PBXNativeTarget "90" */ = {
			isa = XCConfigurationList;
			buildConfigurations = (
				B7F30E212271A45B0077CDD0 /* Debug */,
				B7F30E222271A45B0077CDD0 /* Release */,
			);
			defaultConfigurationIsVisible = 0;
			defaultConfigurationName = Release;
		};
/* End XCConfigurationList section */
	};
	rootObject = B7F30E062271A45A0077CDD0 /* Project object */;
}
