// !$*UTF8*$!
{
	archiveVersion = 1;
	classes = {
	};
	objectVersion = 50;
	objects = {

/* Begin PBXBuildFile section */
		B7CE395A224677D900AD427D /* AppDelegate.swift in Sources */ = {isa = PBXBuildFile; fileRef = B7CE3959224677D900AD427D /* AppDelegate.swift */; };
		B7CE395C224677D900AD427D /* ViewController.swift in Sources */ = {isa = PBXBuildFile; fileRef = B7CE395B224677D900AD427D /* ViewController.swift */; };
		B7CE395F224677D900AD427D /* Main.storyboard in Resources */ = {isa = PBXBuildFile; fileRef = B7CE395D224677D900AD427D /* Main.storyboard */; };
		B7CE3961224677DA00AD427D /* Assets.xcassets in Resources */ = {isa = PBXBuildFile; fileRef = B7CE3960224677DA00AD427D /* Assets.xcassets */; };
		B7CE3964224677DA00AD427D /* LaunchScreen.storyboard in Resources */ = {isa = PBXBuildFile; fileRef = B7CE3962224677DA00AD427D /* LaunchScreen.storyboard */; };
		B7CE399322467BDF00AD427D /* UIView+Extension.swift in Sources */ = {isa = PBXBuildFile; fileRef = B7CE398E22467BDF00AD427D /* UIView+Extension.swift */; };
		B7CE399422467BDF00AD427D /* UITableView+Extension.swift in Sources */ = {isa = PBXBuildFile; fileRef = B7CE398F22467BDF00AD427D /* UITableView+Extension.swift */; };
		B7CE399522467BDF00AD427D /* Info.plist in Resources */ = {isa = PBXBuildFile; fileRef = B7CE399122467BDF00AD427D /* Info.plist */; };
/* End PBXBuildFile section */

/* Begin PBXContainerItemProxy section */
		B7CE396B224677DA00AD427D /* PBXContainerItemProxy */ = {
			isa = PBXContainerItemProxy;
			containerPortal = B7CE394E224677D900AD427D /* Project object */;
			proxyType = 1;
			remoteGlobalIDString = B7CE3955224677D900AD427D;
			remoteInfo = Demo;
		};
		B7CE3976224677DA00AD427D /* PBXContainerItemProxy */ = {
			isa = PBXContainerItemProxy;
			containerPortal = B7CE394E224677D900AD427D /* Project object */;
			proxyType = 1;
			remoteGlobalIDString = B7CE3955224677D900AD427D;
			remoteInfo = Demo;
		};
/* End PBXContainerItemProxy section */

/* Begin PBXFileReference section */
		B7CE3956224677D900AD427D /* Demo.app */ = {isa = PBXFileReference; explicitFileType = wrapper.application; includeInIndex = 0; path = Demo.app; sourceTree = BUILT_PRODUCTS_DIR; };
		B7CE3959224677D900AD427D /* AppDelegate.swift */ = {isa = PBXFileReference; lastKnownFileType = sourcecode.swift; path = AppDelegate.swift; sourceTree = "<group>"; };
		B7CE395B224677D900AD427D /* ViewController.swift */ = {isa = PBXFileReference; lastKnownFileType = sourcecode.swift; path = ViewController.swift; sourceTree = "<group>"; };
		B7CE395E224677D900AD427D /* Base */ = {isa = PBXFileReference; lastKnownFileType = file.storyboard; name = Base; path = Base.lproj/Main.storyboard; sourceTree = "<group>"; };
		B7CE3960224677DA00AD427D /* Assets.xcassets */ = {isa = PBXFileReference; lastKnownFileType = folder.assetcatalog; path = Assets.xcassets; sourceTree = "<group>"; };
		B7CE3963224677DA00AD427D /* Base */ = {isa = PBXFileReference; lastKnownFileType = file.storyboard; name = Base; path = Base.lproj/LaunchScreen.storyboard; sourceTree = "<group>"; };
		B7CE3965224677DA00AD427D /* Info.plist */ = {isa = PBXFileReference; lastKnownFileType = text.plist.xml; path = Info.plist; sourceTree = "<group>"; };
		B7CE396A224677DA00AD427D /* DemoTests.xctest */ = {isa = PBXFileReference; explicitFileType = wrapper.cfbundle; includeInIndex = 0; path = DemoTests.xctest; sourceTree = BUILT_PRODUCTS_DIR; };
		B7CE3975224677DA00AD427D /* DemoUITests.xctest */ = {isa = PBXFileReference; explicitFileType = wrapper.cfbundle; includeInIndex = 0; path = DemoUITests.xctest; sourceTree = BUILT_PRODUCTS_DIR; };
		B7CE398E22467BDF00AD427D /* UIView+Extension.swift */ = {isa = PBXFileReference; fileEncoding = 4; lastKnownFileType = sourcecode.swift; path = "UIView+Extension.swift"; sourceTree = "<group>"; };
		B7CE398F22467BDF00AD427D /* UITableView+Extension.swift */ = {isa = PBXFileReference; fileEncoding = 4; lastKnownFileType = sourcecode.swift; path = "UITableView+Extension.swift"; sourceTree = "<group>"; };
		B7CE399122467BDF00AD427D /* Info.plist */ = {isa = PBXFileReference; fileEncoding = 4; lastKnownFileType = text.plist.xml; path = Info.plist; sourceTree = "<group>"; };
		B7CE399222467BDF00AD427D /* Template.h */ = {isa = PBXFileReference; fileEncoding = 4; lastKnownFileType = sourcecode.c.h; path = Template.h; sourceTree = "<group>"; };
/* End PBXFileReference section */

/* Begin PBXFrameworksBuildPhase section */
		B7CE3953224677D900AD427D /* Frameworks */ = {
			isa = PBXFrameworksBuildPhase;
			buildActionMask = 2147483647;
			files = (
			);
			runOnlyForDeploymentPostprocessing = 0;
		};
		B7CE3967224677DA00AD427D /* Frameworks */ = {
			isa = PBXFrameworksBuildPhase;
			buildActionMask = 2147483647;
			files = (
			);
			runOnlyForDeploymentPostprocessing = 0;
		};
		B7CE3972224677DA00AD427D /* Frameworks */ = {
			isa = PBXFrameworksBuildPhase;
			buildActionMask = 2147483647;
			files = (
			);
			runOnlyForDeploymentPostprocessing = 0;
		};
/* End PBXFrameworksBuildPhase section */

/* Begin PBXGroup section */
		B7CE394D224677D900AD427D = {
			isa = PBXGroup;
			children = (
				B7CE398D22467BDF00AD427D /* Extensions */,
				B7CE399022467BDF00AD427D /* Sources */,
				B7CE3958224677D900AD427D /* Demo */,
				B7CE3957224677D900AD427D /* Products */,
			);
			sourceTree = "<group>";
		};
		B7CE3957224677D900AD427D /* Products */ = {
			isa = PBXGroup;
			children = (
				B7CE3956224677D900AD427D /* Demo.app */,
				B7CE396A224677DA00AD427D /* DemoTests.xctest */,
				B7CE3975224677DA00AD427D /* DemoUITests.xctest */,
			);
			name = Products;
			sourceTree = "<group>";
		};
		B7CE3958224677D900AD427D /* Demo */ = {
			isa = PBXGroup;
			children = (
				B7CE3959224677D900AD427D /* AppDelegate.swift */,
				B7CE395B224677D900AD427D /* ViewController.swift */,
				B7CE395D224677D900AD427D /* Main.storyboard */,
				B7CE3960224677DA00AD427D /* Assets.xcassets */,
				B7CE3962224677DA00AD427D /* LaunchScreen.storyboard */,
				B7CE3965224677DA00AD427D /* Info.plist */,
			);
			path = Demo;
			sourceTree = "<group>";
		};
		B7CE398D22467BDF00AD427D /* Extensions */ = {
			isa = PBXGroup;
			children = (
				B7CE398E22467BDF00AD427D /* UIView+Extension.swift */,
				B7CE398F22467BDF00AD427D /* UITableView+Extension.swift */,
			);
			name = Extensions;
			path = ../Template/Extensions;
			sourceTree = "<group>";
		};
		B7CE399022467BDF00AD427D /* Sources */ = {
			isa = PBXGroup;
			children = (
				B7CE399122467BDF00AD427D /* Info.plist */,
				B7CE399222467BDF00AD427D /* Template.h */,
			);
			name = Sources;
			path = ../Template/Sources;
			sourceTree = "<group>";
		};
/* End PBXGroup section */

/* Begin PBXNativeTarget section */
		B7CE3955224677D900AD427D /* Demo */ = {
			isa = PBXNativeTarget;
			buildConfigurationList = B7CE397E224677DA00AD427D /* Build configuration list for PBXNativeTarget "Demo" */;
			buildPhases = (
				B7CE3952224677D900AD427D /* Sources */,
				B7CE3953224677D900AD427D /* Frameworks */,
				B7CE3954224677D900AD427D /* Resources */,
			);
			buildRules = (
			);
			dependencies = (
			);
			name = Demo;
			productName = Demo;
			productReference = B7CE3956224677D900AD427D /* Demo.app */;
			productType = "com.apple.product-type.application";
		};
		B7CE3969224677DA00AD427D /* DemoTests */ = {
			isa = PBXNativeTarget;
			buildConfigurationList = B7CE3981224677DA00AD427D /* Build configuration list for PBXNativeTarget "DemoTests" */;
			buildPhases = (
				B7CE3966224677DA00AD427D /* Sources */,
				B7CE3967224677DA00AD427D /* Frameworks */,
				B7CE3968224677DA00AD427D /* Resources */,
			);
			buildRules = (
			);
			dependencies = (
				B7CE396C224677DA00AD427D /* PBXTargetDependency */,
			);
			name = DemoTests;
			productName = DemoTests;
			productReference = B7CE396A224677DA00AD427D /* DemoTests.xctest */;
			productType = "com.apple.product-type.bundle.unit-test";
		};
		B7CE3974224677DA00AD427D /* DemoUITests */ = {
			isa = PBXNativeTarget;
			buildConfigurationList = B7CE3984224677DA00AD427D /* Build configuration list for PBXNativeTarget "DemoUITests" */;
			buildPhases = (
				B7CE3971224677DA00AD427D /* Sources */,
				B7CE3972224677DA00AD427D /* Frameworks */,
				B7CE3973224677DA00AD427D /* Resources */,
			);
			buildRules = (
			);
			dependencies = (
				B7CE3977224677DA00AD427D /* PBXTargetDependency */,
			);
			name = DemoUITests;
			productName = DemoUITests;
			productReference = B7CE3975224677DA00AD427D /* DemoUITests.xctest */;
			productType = "com.apple.product-type.bundle.ui-testing";
		};
/* End PBXNativeTarget section */

/* Begin PBXProject section */
		B7CE394E224677D900AD427D /* Project object */ = {
			isa = PBXProject;
			attributes = {
				LastSwiftUpdateCheck = 1010;
				LastUpgradeCheck = 1010;
				ORGANIZATIONNAME = tomoki;
				TargetAttributes = {
					B7CE3955224677D900AD427D = {
						CreatedOnToolsVersion = 10.1;
					};
					B7CE3969224677DA00AD427D = {
						CreatedOnToolsVersion = 10.1;
						TestTargetID = B7CE3955224677D900AD427D;
					};
					B7CE3974224677DA00AD427D = {
						CreatedOnToolsVersion = 10.1;
						TestTargetID = B7CE3955224677D900AD427D;
					};
				};
			};
			buildConfigurationList = B7CE3951224677D900AD427D /* Build configuration list for PBXProject "Demo" */;
			compatibilityVersion = "Xcode 9.3";
			developmentRegion = en;
			hasScannedForEncodings = 0;
			knownRegions = (
				en,
				Base,
			);
			mainGroup = B7CE394D224677D900AD427D;
			productRefGroup = B7CE3957224677D900AD427D /* Products */;
			projectDirPath = "";
			projectRoot = "";
			targets = (
				B7CE3955224677D900AD427D /* Demo */,
				B7CE3969224677DA00AD427D /* DemoTests */,
				B7CE3974224677DA00AD427D /* DemoUITests */,
			);
		};
/* End PBXProject section */

/* Begin PBXResourcesBuildPhase section */
		B7CE3954224677D900AD427D /* Resources */ = {
			isa = PBXResourcesBuildPhase;
			buildActionMask = 2147483647;
			files = (
				B7CE399522467BDF00AD427D /* Info.plist in Resources */,
				B7CE3964224677DA00AD427D /* LaunchScreen.storyboard in Resources */,
				B7CE3961224677DA00AD427D /* Assets.xcassets in Resources */,
				B7CE395F224677D900AD427D /* Main.storyboard in Resources */,
			);
			runOnlyForDeploymentPostprocessing = 0;
		};
		B7CE3968224677DA00AD427D /* Resources */ = {
			isa = PBXResourcesBuildPhase;
			buildActionMask = 2147483647;
			files = (
			);
			runOnlyForDeploymentPostprocessing = 0;
		};
		B7CE3973224677DA00AD427D /* Resources */ = {
			isa = PBXResourcesBuildPhase;
			buildActionMask = 2147483647;
			files = (
			);
			runOnlyForDeploymentPostprocessing = 0;
		};
/* End PBXResourcesBuildPhase section */

/* Begin PBXSourcesBuildPhase section */
		B7CE3952224677D900AD427D /* Sources */ = {
			isa = PBXSourcesBuildPhase;
			buildActionMask = 2147483647;
			files = (
				B7CE399322467BDF00AD427D /* UIView+Extension.swift in Sources */,
				B7CE395C224677D900AD427D /* ViewController.swift in Sources */,
				B7CE395A224677D900AD427D /* AppDelegate.swift in Sources */,
				B7CE399422467BDF00AD427D /* UITableView+Extension.swift in Sources */,
			);
			runOnlyForDeploymentPostprocessing = 0;
		};
		B7CE3966224677DA00AD427D /* Sources */ = {
			isa = PBXSourcesBuildPhase;
			buildActionMask = 2147483647;
			files = (
			);
			runOnlyForDeploymentPostprocessing = 0;
		};
		B7CE3971224677DA00AD427D /* Sources */ = {
			isa = PBXSourcesBuildPhase;
			buildActionMask = 2147483647;
			files = (
			);
			runOnlyForDeploymentPostprocessing = 0;
		};
/* End PBXSourcesBuildPhase section */

/* Begin PBXTargetDependency section */
		B7CE396C224677DA00AD427D /* PBXTargetDependency */ = {
			isa = PBXTargetDependency;
			target = B7CE3955224677D900AD427D /* Demo */;
			targetProxy = B7CE396B224677DA00AD427D /* PBXContainerItemProxy */;
		};
		B7CE3977224677DA00AD427D /* PBXTargetDependency */ = {
			isa = PBXTargetDependency;
			target = B7CE3955224677D900AD427D /* Demo */;
			targetProxy = B7CE3976224677DA00AD427D /* PBXContainerItemProxy */;
		};
/* End PBXTargetDependency section */

/* Begin PBXVariantGroup section */
		B7CE395D224677D900AD427D /* Main.storyboard */ = {
			isa = PBXVariantGroup;
			children = (
				B7CE395E224677D900AD427D /* Base */,
			);
			name = Main.storyboard;
			sourceTree = "<group>";
		};
		B7CE3962224677DA00AD427D /* LaunchScreen.storyboard */ = {
			isa = PBXVariantGroup;
			children = (
				B7CE3963224677DA00AD427D /* Base */,
			);
			name = LaunchScreen.storyboard;
			sourceTree = "<group>";
		};
/* End PBXVariantGroup section */

/* Begin XCBuildConfiguration section */
		B7CE397C224677DA00AD427D /* Debug */ = {
			isa = XCBuildConfiguration;
			buildSettings = {
				ALWAYS_SEARCH_USER_PATHS = NO;
				CLANG_ANALYZER_NONNULL = YES;
				CLANG_ANALYZER_NUMBER_OBJECT_CONVERSION = YES_AGGRESSIVE;
				CLANG_CXX_LANGUAGE_STANDARD = "gnu++14";
				CLANG_CXX_LIBRARY = "libc++";
				CLANG_ENABLE_MODULES = YES;
				CLANG_ENABLE_OBJC_ARC = YES;
				CLANG_ENABLE_OBJC_WEAK = YES;
				CLANG_WARN_BLOCK_CAPTURE_AUTORELEASING = YES;
				CLANG_WARN_BOOL_CONVERSION = YES;
				CLANG_WARN_COMMA = YES;
				CLANG_WARN_CONSTANT_CONVERSION = YES;
				CLANG_WARN_DEPRECATED_OBJC_IMPLEMENTATIONS = YES;
				CLANG_WARN_DIRECT_OBJC_ISA_USAGE = YES_ERROR;
				CLANG_WARN_DOCUMENTATION_COMMENTS = YES;
				CLANG_WARN_EMPTY_BODY = YES;
				CLANG_WARN_ENUM_CONVERSION = YES;
				CLANG_WARN_INFINITE_RECURSION = YES;
				CLANG_WARN_INT_CONVERSION = YES;
				CLANG_WARN_NON_LITERAL_NULL_CONVERSION = YES;
				CLANG_WARN_OBJC_IMPLICIT_RETAIN_SELF = YES;
				CLANG_WARN_OBJC_LITERAL_CONVERSION = YES;
				CLANG_WARN_OBJC_ROOT_CLASS = YES_ERROR;
				CLANG_WARN_RANGE_LOOP_ANALYSIS = YES;
				CLANG_WARN_STRICT_PROTOTYPES = YES;
				CLANG_WARN_SUSPICIOUS_MOVE = YES;
				CLANG_WARN_UNGUARDED_AVAILABILITY = YES_AGGRESSIVE;
				CLANG_WARN_UNREACHABLE_CODE = YES;
				CLANG_WARN__DUPLICATE_METHOD_MATCH = YES;
				CODE_SIGN_IDENTITY = "iPhone Developer";
				COPY_PHASE_STRIP = NO;
				DEBUG_INFORMATION_FORMAT = dwarf;
				ENABLE_STRICT_OBJC_MSGSEND = YES;
				ENABLE_TESTABILITY = YES;
				GCC_C_LANGUAGE_STANDARD = gnu11;
				GCC_DYNAMIC_NO_PIC = NO;
				GCC_NO_COMMON_BLOCKS = YES;
				GCC_OPTIMIZATION_LEVEL = 0;
				GCC_PREPROCESSOR_DEFINITIONS = (
					"DEBUG=1",
					"$(inherited)",
				);
				GCC_WARN_64_TO_32_BIT_CONVERSION = YES;
				GCC_WARN_ABOUT_RETURN_TYPE = YES_ERROR;
				GCC_WARN_UNDECLARED_SELECTOR = YES;
				GCC_WARN_UNINITIALIZED_AUTOS = YES_AGGRESSIVE;
				GCC_WARN_UNUSED_FUNCTION = YES;
				GCC_WARN_UNUSED_VARIABLE = YES;
				IPHONEOS_DEPLOYMENT_TARGET = 12.1;
				MTL_ENABLE_DEBUG_INFO = INCLUDE_SOURCE;
				MTL_FAST_MATH = YES;
				ONLY_ACTIVE_ARCH = YES;
				SDKROOT = iphoneos;
				SWIFT_ACTIVE_COMPILATION_CONDITIONS = DEBUG;
				SWIFT_OPTIMIZATION_LEVEL = "-Onone";
			};
			name = Debug;
		};
		B7CE397D224677DA00AD427D /* Release */ = {
			isa = XCBuildConfiguration;
			buildSettings = {
				ALWAYS_SEARCH_USER_PATHS = NO;
				CLANG_ANALYZER_NONNULL = YES;
				CLANG_ANALYZER_NUMBER_OBJECT_CONVERSION = YES_AGGRESSIVE;
				CLANG_CXX_LANGUAGE_STANDARD = "gnu++14";
				CLANG_CXX_LIBRARY = "libc++";
				CLANG_ENABLE_MODULES = YES;
				CLANG_ENABLE_OBJC_ARC = YES;
				CLANG_ENABLE_OBJC_WEAK = YES;
				CLANG_WARN_BLOCK_CAPTURE_AUTORELEASING = YES;
				CLANG_WARN_BOOL_CONVERSION = YES;
				CLANG_WARN_COMMA = YES;
				CLANG_WARN_CONSTANT_CONVERSION = YES;
				CLANG_WARN_DEPRECATED_OBJC_IMPLEMENTATIONS = YES;
				CLANG_WARN_DIRECT_OBJC_ISA_USAGE = YES_ERROR;
				CLANG_WARN_DOCUMENTATION_COMMENTS = YES;
				CLANG_WARN_EMPTY_BODY = YES;
				CLANG_WARN_ENUM_CONVERSION = YES;
				CLANG_WARN_INFINITE_RECURSION = YES;
				CLANG_WARN_INT_CONVERSION = YES;
				CLANG_WARN_NON_LITERAL_NULL_CONVERSION = YES;
				CLANG_WARN_OBJC_IMPLICIT_RETAIN_SELF = YES;
				CLANG_WARN_OBJC_LITERAL_CONVERSION = YES;
				CLANG_WARN_OBJC_ROOT_CLASS = YES_ERROR;
				CLANG_WARN_RANGE_LOOP_ANALYSIS = YES;
				CLANG_WARN_STRICT_PROTOTYPES = YES;
				CLANG_WARN_SUSPICIOUS_MOVE = YES;
				CLANG_WARN_UNGUARDED_AVAILABILITY = YES_AGGRESSIVE;
				CLANG_WARN_UNREACHABLE_CODE = YES;
				CLANG_WARN__DUPLICATE_METHOD_MATCH = YES;
				CODE_SIGN_IDENTITY = "iPhone Developer";
				COPY_PHASE_STRIP = NO;
				DEBUG_INFORMATION_FORMAT = "dwarf-with-dsym";
				ENABLE_NS_ASSERTIONS = NO;
				ENABLE_STRICT_OBJC_MSGSEND = YES;
				GCC_C_LANGUAGE_STANDARD = gnu11;
				GCC_NO_COMMON_BLOCKS = YES;
				GCC_WARN_64_TO_32_BIT_CONVERSION = YES;
				GCC_WARN_ABOUT_RETURN_TYPE = YES_ERROR;
				GCC_WARN_UNDECLARED_SELECTOR = YES;
				GCC_WARN_UNINITIALIZED_AUTOS = YES_AGGRESSIVE;
				GCC_WARN_UNUSED_FUNCTION = YES;
				GCC_WARN_UNUSED_VARIABLE = YES;
				IPHONEOS_DEPLOYMENT_TARGET = 12.1;
				MTL_ENABLE_DEBUG_INFO = NO;
				MTL_FAST_MATH = YES;
				SDKROOT = iphoneos;
				SWIFT_COMPILATION_MODE = wholemodule;
				SWIFT_OPTIMIZATION_LEVEL = "-O";
				VALIDATE_PRODUCT = YES;
			};
			name = Release;
		};
		B7CE397F224677DA00AD427D /* Debug */ = {
			isa = XCBuildConfiguration;
			buildSettings = {
				ASSETCATALOG_COMPILER_APPICON_NAME = AppIcon;
				CODE_SIGN_STYLE = Automatic;
				INFOPLIST_FILE = Demo/Info.plist;
				LD_RUNPATH_SEARCH_PATHS = (
					"$(inherited)",
					"@executable_path/Frameworks",
				);
				PRODUCT_BUNDLE_IDENTIFIER = com.tomoki.Demo;
				PRODUCT_NAME = "$(TARGET_NAME)";
				SWIFT_VERSION = 4.2;
				TARGETED_DEVICE_FAMILY = "1,2";
			};
			name = Debug;
		};
		B7CE3980224677DA00AD427D /* Release */ = {
			isa = XCBuildConfiguration;
			buildSettings = {
				ASSETCATALOG_COMPILER_APPICON_NAME = AppIcon;
				CODE_SIGN_STYLE = Automatic;
				INFOPLIST_FILE = Demo/Info.plist;
				LD_RUNPATH_SEARCH_PATHS = (
					"$(inherited)",
					"@executable_path/Frameworks",
				);
				PRODUCT_BUNDLE_IDENTIFIER = com.tomoki.Demo;
				PRODUCT_NAME = "$(TARGET_NAME)";
				SWIFT_VERSION = 4.2;
				TARGETED_DEVICE_FAMILY = "1,2";
			};
			name = Release;
		};
		B7CE3982224677DA00AD427D /* Debug */ = {
			isa = XCBuildConfiguration;
			buildSettings = {
				ALWAYS_EMBED_SWIFT_STANDARD_LIBRARIES = YES;
				BUNDLE_LOADER = "$(TEST_HOST)";
				CODE_SIGN_STYLE = Automatic;
				INFOPLIST_FILE = DemoTests/Info.plist;
				LD_RUNPATH_SEARCH_PATHS = (
					"$(inherited)",
					"@executable_path/Frameworks",
					"@loader_path/Frameworks",
				);
				PRODUCT_BUNDLE_IDENTIFIER = com.tomoki.DemoTests;
				PRODUCT_NAME = "$(TARGET_NAME)";
				SWIFT_VERSION = 4.2;
				TARGETED_DEVICE_FAMILY = "1,2";
				TEST_HOST = "$(BUILT_PRODUCTS_DIR)/Demo.app/Demo";
			};
			name = Debug;
		};
		B7CE3983224677DA00AD427D /* Release */ = {
			isa = XCBuildConfiguration;
			buildSettings = {
				ALWAYS_EMBED_SWIFT_STANDARD_LIBRARIES = YES;
				BUNDLE_LOADER = "$(TEST_HOST)";
				CODE_SIGN_STYLE = Automatic;
				INFOPLIST_FILE = DemoTests/Info.plist;
				LD_RUNPATH_SEARCH_PATHS = (
					"$(inherited)",
					"@executable_path/Frameworks",
					"@loader_path/Frameworks",
				);
				PRODUCT_BUNDLE_IDENTIFIER = com.tomoki.DemoTests;
				PRODUCT_NAME = "$(TARGET_NAME)";
				SWIFT_VERSION = 4.2;
				TARGETED_DEVICE_FAMILY = "1,2";
				TEST_HOST = "$(BUILT_PRODUCTS_DIR)/Demo.app/Demo";
			};
			name = Release;
		};
		B7CE3985224677DA00AD427D /* Debug */ = {
			isa = XCBuildConfiguration;
			buildSettings = {
				ALWAYS_EMBED_SWIFT_STANDARD_LIBRARIES = YES;
				CODE_SIGN_STYLE = Automatic;
				INFOPLIST_FILE = DemoUITests/Info.plist;
				LD_RUNPATH_SEARCH_PATHS = (
					"$(inherited)",
					"@executable_path/Frameworks",
					"@loader_path/Frameworks",
				);
				PRODUCT_BUNDLE_IDENTIFIER = com.tomoki.DemoUITests;
				PRODUCT_NAME = "$(TARGET_NAME)";
				SWIFT_VERSION = 4.2;
				TARGETED_DEVICE_FAMILY = "1,2";
				TEST_TARGET_NAME = Demo;
			};
			name = Debug;
		};
		B7CE3986224677DA00AD427D /* Release */ = {
			isa = XCBuildConfiguration;
			buildSettings = {
				ALWAYS_EMBED_SWIFT_STANDARD_LIBRARIES = YES;
				CODE_SIGN_STYLE = Automatic;
				INFOPLIST_FILE = DemoUITests/Info.plist;
				LD_RUNPATH_SEARCH_PATHS = (
					"$(inherited)",
					"@executable_path/Frameworks",
					"@loader_path/Frameworks",
				);
				PRODUCT_BUNDLE_IDENTIFIER = com.tomoki.DemoUITests;
				PRODUCT_NAME = "$(TARGET_NAME)";
				SWIFT_VERSION = 4.2;
				TARGETED_DEVICE_FAMILY = "1,2";
				TEST_TARGET_NAME = Demo;
			};
			name = Release;
		};
/* End XCBuildConfiguration section */

/* Begin XCConfigurationList section */
		B7CE3951224677D900AD427D /* Build configuration list for PBXProject "Demo" */ = {
			isa = XCConfigurationList;
			buildConfigurations = (
				B7CE397C224677DA00AD427D /* Debug */,
				B7CE397D224677DA00AD427D /* Release */,
			);
			defaultConfigurationIsVisible = 0;
			defaultConfigurationName = Release;
		};
		B7CE397E224677DA00AD427D /* Build configuration list for PBXNativeTarget "Demo" */ = {
			isa = XCConfigurationList;
			buildConfigurations = (
				B7CE397F224677DA00AD427D /* Debug */,
				B7CE3980224677DA00AD427D /* Release */,
			);
			defaultConfigurationIsVisible = 0;
			defaultConfigurationName = Release;
		};
		B7CE3981224677DA00AD427D /* Build configuration list for PBXNativeTarget "DemoTests" */ = {
			isa = XCConfigurationList;
			buildConfigurations = (
				B7CE3982224677DA00AD427D /* Debug */,
				B7CE3983224677DA00AD427D /* Release */,
			);
			defaultConfigurationIsVisible = 0;
			defaultConfigurationName = Release;
		};
		B7CE3984224677DA00AD427D /* Build configuration list for PBXNativeTarget "DemoUITests" */ = {
			isa = XCConfigurationList;
			buildConfigurations = (
				B7CE3985224677DA00AD427D /* Debug */,
				B7CE3986224677DA00AD427D /* Release */,
			);
			defaultConfigurationIsVisible = 0;
			defaultConfigurationName = Release;
		};
/* End XCConfigurationList section */
	};
	rootObject = B7CE394E224677D900AD427D /* Project object */;
}
